
Microsoft Visual Studio Solution File, Format Version 12.00
# Visual Studio 15
VisualStudioVersion = 15.0.28307.168
MinimumVisualStudioVersion = 10.0.40219.1
Project("{8BC9CEB8-8B4A-11D0-8D11-00A0C91BC942}") = "MetaHook", "MetaHook.vcxproj", "{0931F284-681C-41F1-AF30-97D1DCE2283C}"
EndProject
Project("{8BC9CEB8-8B4A-11D0-8D11-00A0C91BC942}") = "Renderer", "Plugins\Renderer\Renderer.vcxproj", "{076D2FBC-CAB6-4E26-931A-E5E8E9A4EBA7}"
EndProject
Project("{8BC9CEB8-8B4A-11D0-8D11-00A0C91BC942}") = "CaptionMod", "Plugins\CaptionMod\CaptionMod.vcxproj", "{FBF9CAF6-8DED-4EB0-8E7B-18294607C5C5}"
EndProject
Project("{8BC9CEB8-8B4A-11D0-8D11-00A0C91BC942}") = "BulletPhysics", "Plugins\BulletPhysics\BulletPhysics.vcxproj", "{B93184CE-AACC-4538-B471-1F9A26B65DDC}"
EndProject
Project("{8BC9CEB8-8B4A-11D0-8D11-00A0C91BC942}") = "StudioEvents", "Plugins\StudioEvents\StudioEvents.vcxproj", "{FBF9CAF6-8DED-4EB0-8E7B-18294607C5C6}"
EndProject
Project("{8BC9CEB8-8B4A-11D0-8D11-00A0C91BC942}") = "SteamAppsLocation", "SteamAppsLocation\SteamAppsLocation\SteamAppsLocation.vcxproj", "{27D1C013-2419-4F33-85D0-841DE51D1732}"
EndProject
Project("{8BC9CEB8-8B4A-11D0-8D11-00A0C91BC942}") = "studiocheck", "studiocheck\studiocheck\studiocheck.vcxproj", "{1CD60924-CE1C-4F22-BA7D-C3460E4560A0}"
EndProject
Project("{8BC9CEB8-8B4A-11D0-8D11-00A0C91BC942}") = "SteamScreenshots", "Plugins\SteamScreenshots\SteamScreenshots.vcxproj", "{FBF9CAF6-8DED-4EB0-8E7B-18294607C5C7}"
EndProject
Project("{2150E333-8FDC-42A3-9474-1A3956D46DE8}") = "Plugins", "Plugins", "{4BBE5591-2774-44E5-837E-B54D33AFC431}"
EndProject
Project("{2150E333-8FDC-42A3-9474-1A3956D46DE8}") = "Tools", "Tools", "{CABC7A6F-E1C7-41E4-8A38-3F74C8B0E13C}"
EndProject
Project("{8BC9CEB8-8B4A-11D0-8D11-00A0C91BC942}") = "CommunicationDemo", "Plugins\CommunicationDemo\CommunicationDemo.vcxproj", "{FBF9CAF6-8DED-4EB0-8E7B-18294607C5C8}"
EndProject
Global
	GlobalSection(SolutionConfigurationPlatforms) = preSolution
		Debug|Win32 = Debug|Win32
		Debug|x64 = Debug|x64
		Release|Win32 = Release|Win32
		Release|x64 = Release|x64
	EndGlobalSection
	GlobalSection(ProjectConfigurationPlatforms) = postSolution
		{0931F284-681C-41F1-AF30-97D1DCE2283C}.Debug|Win32.ActiveCfg = Debug|Win32
		{0931F284-681C-41F1-AF30-97D1DCE2283C}.Debug|Win32.Build.0 = Debug|Win32
		{0931F284-681C-41F1-AF30-97D1DCE2283C}.Debug|x64.ActiveCfg = Debug|Win32
		{0931F284-681C-41F1-AF30-97D1DCE2283C}.Release|Win32.ActiveCfg = Release|Win32
		{0931F284-681C-41F1-AF30-97D1DCE2283C}.Release|Win32.Build.0 = Release|Win32
		{0931F284-681C-41F1-AF30-97D1DCE2283C}.Release|x64.ActiveCfg = Release|Win32
		{076D2FBC-CAB6-4E26-931A-E5E8E9A4EBA7}.Debug|Win32.ActiveCfg = Debug|Win32
		{076D2FBC-CAB6-4E26-931A-E5E8E9A4EBA7}.Debug|Win32.Build.0 = Debug|Win32
		{076D2FBC-CAB6-4E26-931A-E5E8E9A4EBA7}.Debug|x64.ActiveCfg = Debug|Win32
		{076D2FBC-CAB6-4E26-931A-E5E8E9A4EBA7}.Release|Win32.ActiveCfg = Release|Win32
		{076D2FBC-CAB6-4E26-931A-E5E8E9A4EBA7}.Release|Win32.Build.0 = Release|Win32
		{076D2FBC-CAB6-4E26-931A-E5E8E9A4EBA7}.Release|x64.ActiveCfg = Release|Win32
		{FBF9CAF6-8DED-4EB0-8E7B-18294607C5C5}.Debug|Win32.ActiveCfg = Debug|Win32
		{FBF9CAF6-8DED-4EB0-8E7B-18294607C5C5}.Debug|Win32.Build.0 = Debug|Win32
		{FBF9CAF6-8DED-4EB0-8E7B-18294607C5C5}.Debug|x64.ActiveCfg = Debug|Win32
		{FBF9CAF6-8DED-4EB0-8E7B-18294607C5C5}.Release|Win32.ActiveCfg = Release|Win32
		{FBF9CAF6-8DED-4EB0-8E7B-18294607C5C5}.Release|Win32.Build.0 = Release|Win32
		{FBF9CAF6-8DED-4EB0-8E7B-18294607C5C5}.Release|x64.ActiveCfg = Release|Win32
		{B93184CE-AACC-4538-B471-1F9A26B65DDC}.Debug|Win32.ActiveCfg = Debug|Win32
		{B93184CE-AACC-4538-B471-1F9A26B65DDC}.Debug|Win32.Build.0 = Debug|Win32
		{B93184CE-AACC-4538-B471-1F9A26B65DDC}.Debug|x64.ActiveCfg = Debug|Win32
		{B93184CE-AACC-4538-B471-1F9A26B65DDC}.Release|Win32.ActiveCfg = Release|Win32
		{B93184CE-AACC-4538-B471-1F9A26B65DDC}.Release|Win32.Build.0 = Release|Win32
		{B93184CE-AACC-4538-B471-1F9A26B65DDC}.Release|x64.ActiveCfg = Release|Win32
		{FBF9CAF6-8DED-4EB0-8E7B-18294607C5C6}.Debug|Win32.ActiveCfg = Debug|Win32
		{FBF9CAF6-8DED-4EB0-8E7B-18294607C5C6}.Debug|Win32.Build.0 = Debug|Win32
		{FBF9CAF6-8DED-4EB0-8E7B-18294607C5C6}.Debug|x64.ActiveCfg = Debug|Win32
		{FBF9CAF6-8DED-4EB0-8E7B-18294607C5C6}.Release|Win32.ActiveCfg = Release|Win32
		{FBF9CAF6-8DED-4EB0-8E7B-18294607C5C6}.Release|Win32.Build.0 = Release|Win32
		{FBF9CAF6-8DED-4EB0-8E7B-18294607C5C6}.Release|x64.ActiveCfg = Release|Win32
		{27D1C013-2419-4F33-85D0-841DE51D1732}.Debug|Win32.ActiveCfg = Debug|Win32
		{27D1C013-2419-4F33-85D0-841DE51D1732}.Debug|Win32.Build.0 = Debug|Win32
		{27D1C013-2419-4F33-85D0-841DE51D1732}.Debug|x64.ActiveCfg = Debug|Win32
		{27D1C013-2419-4F33-85D0-841DE51D1732}.Release|Win32.ActiveCfg = Release|Win32
		{27D1C013-2419-4F33-85D0-841DE51D1732}.Release|Win32.Build.0 = Release|Win32
		{27D1C013-2419-4F33-85D0-841DE51D1732}.Release|x64.ActiveCfg = Release|Win32
		{1CD60924-CE1C-4F22-BA7D-C3460E4560A0}.Debug|Win32.ActiveCfg = Debug|Win32
		{1CD60924-CE1C-4F22-BA7D-C3460E4560A0}.Debug|Win32.Build.0 = Debug|Win32
		{1CD60924-CE1C-4F22-BA7D-C3460E4560A0}.Debug|x64.ActiveCfg = Debug|x64
		{1CD60924-CE1C-4F22-BA7D-C3460E4560A0}.Debug|x64.Build.0 = Debug|x64
		{1CD60924-CE1C-4F22-BA7D-C3460E4560A0}.Release|Win32.ActiveCfg = Release|Win32
		{1CD60924-CE1C-4F22-BA7D-C3460E4560A0}.Release|Win32.Build.0 = Release|Win32
		{1CD60924-CE1C-4F22-BA7D-C3460E4560A0}.Release|x64.ActiveCfg = Release|x64
		{1CD60924-CE1C-4F22-BA7D-C3460E4560A0}.Release|x64.Build.0 = Release|x64
		{FBF9CAF6-8DED-4EB0-8E7B-18294607C5C7}.Debug|Win32.ActiveCfg = Debug|Win32
		{FBF9CAF6-8DED-4EB0-8E7B-18294607C5C7}.Debug|Win32.Build.0 = Debug|Win32
		{FBF9CAF6-8DED-4EB0-8E7B-18294607C5C7}.Debug|x64.ActiveCfg = Debug|Win32
		{FBF9CAF6-8DED-4EB0-8E7B-18294607C5C7}.Release|Win32.ActiveCfg = Release|Win32
		{FBF9CAF6-8DED-4EB0-8E7B-18294607C5C7}.Release|Win32.Build.0 = Release|Win32
		{FBF9CAF6-8DED-4EB0-8E7B-18294607C5C7}.Release|x64.ActiveCfg = Release|Win32
		{FBF9CAF6-8DED-4EB0-8E7B-18294607C5C8}.Debug|Win32.ActiveCfg = Debug|Win32
		{FBF9CAF6-8DED-4EB0-8E7B-18294607C5C8}.Debug|Win32.Build.0 = Debug|Win32
		{FBF9CAF6-8DED-4EB0-8E7B-18294607C5C8}.Debug|x64.ActiveCfg = Debug|Win32
		{FBF9CAF6-8DED-4EB0-8E7B-18294607C5C8}.Release|Win32.ActiveCfg = Release|Win32
		{FBF9CAF6-8DED-4EB0-8E7B-18294607C5C8}.Release|Win32.Build.0 = Release|Win32
		{FBF9CAF6-8DED-4EB0-8E7B-18294607C5C8}.Release|x64.ActiveCfg = Release|Win32
	EndGlobalSection
	GlobalSection(SolutionProperties) = preSolution
		HideSolutionNode = FALSE
	EndGlobalSection
	GlobalSection(NestedProjects) = preSolution
		{076D2FBC-CAB6-4E26-931A-E5E8E9A4EBA7} = {4BBE5591-2774-44E5-837E-B54D33AFC431}
		{FBF9CAF6-8DED-4EB0-8E7B-18294607C5C5} = {4BBE5591-2774-44E5-837E-B54D33AFC431}
		{B93184CE-AACC-4538-B471-1F9A26B65DDC} = {4BBE5591-2774-44E5-837E-B54D33AFC431}
		{FBF9CAF6-8DED-4EB0-8E7B-18294607C5C6} = {4BBE5591-2774-44E5-837E-B54D33AFC431}
		{27D1C013-2419-4F33-85D0-841DE51D1732} = {CABC7A6F-E1C7-41E4-8A38-3F74C8B0E13C}
		{1CD60924-CE1C-4F22-BA7D-C3460E4560A0} = {CABC7A6F-E1C7-41E4-8A38-3F74C8B0E13C}
		{FBF9CAF6-8DED-4EB0-8E7B-18294607C5C7} = {4BBE5591-2774-44E5-837E-B54D33AFC431}
		{FBF9CAF6-8DED-4EB0-8E7B-18294607C5C8} = {4BBE5591-2774-44E5-837E-B54D33AFC431}
	EndGlobalSection
	GlobalSection(ExtensibilityGlobals) = postSolution
		SolutionGuid = {D7EC138D-907F-4149-8DE2-92E63D7597ED}
	EndGlobalSection
EndGlobal
