
Microsoft Visual Studio Solution File, Format Version 12.00
# Visual Studio Version 17
VisualStudioVersion = 17.8.34330.188
MinimumVisualStudioVersion = 10.0.40219.1
Project("{8BC9CEB8-8B4A-11D0-8D11-00A0C91BC942}") = "MetaHook", "src\MetaHook.vcxproj", "{0931F284-681C-41F1-AF30-97D1DCE2283C}"
EndProject
Project("{8BC9CEB8-8B4A-11D0-8D11-00A0C91BC942}") = "Renderer", "Plugins\Renderer\Renderer.vcxproj", "{076D2FBC-CAB6-4E26-931A-E5E8E9A4EBA7}"
EndProject
Project("{8BC9CEB8-8B4A-11D0-8D11-00A0C91BC942}") = "CaptionMod", "Plugins\CaptionMod\CaptionMod.vcxproj", "{FBF9CAF6-8DED-4EB0-8E7B-18294607C5C5}"
EndProject
Project("{8BC9CEB8-8B4A-11D0-8D11-00A0C91BC942}") = "BulletPhysics", "Plugins\BulletPhysics\BulletPhysics.vcxproj", "{B93184CE-AACC-4538-B471-1F9A26B65DDC}"
EndProject
Project("{8BC9CEB8-8B4A-11D0-8D11-00A0C91BC942}") = "StudioEvents", "Plugins\StudioEvents\StudioEvents.vcxproj", "{FBF9CAF6-8DED-4EB0-8E7B-18294607C5C6}"
EndProject
Project("{8BC9CEB8-8B4A-11D0-8D11-00A0C91BC942}") = "SteamScreenshots", "Plugins\SteamScreenshots\SteamScreenshots.vcxproj", "{FBF9CAF6-8DED-4EB0-8E7B-18294607C5C7}"
EndProject
Project("{8BC9CEB8-8B4A-11D0-8D11-00A0C91BC942}") = "SteamAppsLocation", "toolsrc\SteamAppsLocation\SteamAppsLocation.vcxproj", "{27D1C013-2419-4F33-85D0-841DE51D1732}"
EndProject
Project("{8BC9CEB8-8B4A-11D0-8D11-00A0C91BC942}") = "studiocheck", "toolsrc\studiocheck\studiocheck.vcxproj", "{1CD60924-CE1C-4F22-BA7D-C3460E4560A0}"
EndProject
Project("{2150E333-8FDC-42A3-9474-1A3956D46DE8}") = "Plugins", "Plugins", "{4BBE5591-2774-44E5-837E-B54D33AFC431}"
EndProject
Project("{2150E333-8FDC-42A3-9474-1A3956D46DE8}") = "Tools", "Tools", "{CABC7A6F-E1C7-41E4-8A38-3F74C8B0E13C}"
EndProject
Project("{8BC9CEB8-8B4A-11D0-8D11-00A0C91BC942}") = "CommunicationDemo", "Plugins\CommunicationDemo\CommunicationDemo.vcxproj", "{FBF9CAF6-8DED-4EB0-8E7B-18294607C5C8}"
EndProject
Project("{8BC9CEB8-8B4A-11D0-8D11-00A0C91BC942}") = "SCModelDownloader", "Plugins\SCModelDownloader\SCModelDownloader.vcxproj", "{FBF9CAF6-8DED-4EB0-8E7B-18294607C5C9}"
	ProjectSection(ProjectDependencies) = postProject
		{A4450AD0-38A5-48D5-B5E5-D17B865DB999} = {A4450AD0-38A5-48D5-B5E5-D17B865DB999}
		{A4450AD0-38A5-48D5-B5E5-D17B865DB99A} = {A4450AD0-38A5-48D5-B5E5-D17B865DB99A}
	EndProjectSection
EndProject
Project("{8BC9CEB8-8B4A-11D0-8D11-00A0C91BC942}") = "DontFlushSoundCache", "Plugins\DontFlushSoundCache\DontFlushSoundCache.vcxproj", "{527CB8FE-4710-4F1E-B929-CF43C6C80D1E}"
EndProject
Project("{8BC9CEB8-8B4A-11D0-8D11-00A0C91BC942}") = "PrecacheManager", "Plugins\PrecacheManager\PrecacheManager.vcxproj", "{FBF9CAF6-8DED-4EB0-8E7B-18294607C5CC}"
EndProject
Project("{8BC9CEB8-8B4A-11D0-8D11-00A0C91BC942}") = "ThreadGuard", "Plugins\ThreadGuard\ThreadGuard.vcxproj", "{FBF9CAF6-8DED-4EB0-8E7B-18294607C5CD}"
EndProject
Project("{2150E333-8FDC-42A3-9474-1A3956D46DE8}") = "PluginLibs", "PluginLibs", "{C675D02D-BDD8-431A-91A7-59AE873F1BD0}"
EndProject
Project("{8BC9CEB8-8B4A-11D0-8D11-00A0C91BC942}") = "UtilHTTPClient_SteamAPI", "PluginLibs\UtilHTTPClient_SteamAPI\UtilHTTPClient_SteamAPI.vcxproj", "{A4450AD0-38A5-48D5-B5E5-D17B865DB999}"
EndProject
Project("{8BC9CEB8-8B4A-11D0-8D11-00A0C91BC942}") = "UtilAssetsIntegrity", "PluginLibs\UtilAssetsIntegrity\UtilAssetsIntegrity.vcxproj", "{A4450AD0-38A5-48D5-B5E5-D17B865DB99A}"
EndProject
Project("{8BC9CEB8-8B4A-11D0-8D11-00A0C91BC942}") = "VGUI2Extension", "Plugins\VGUI2Extension\VGUI2Extension.vcxproj", "{44F12F1B-E5AE-4C8E-AAD9-D3D958633A6F}"
EndProject
Global
	GlobalSection(SolutionConfigurationPlatforms) = preSolution
		Debug|Win32 = Debug|Win32
		Release_AVX2|Win32 = Release_AVX2|Win32
		Release_blob|Win32 = Release_blob|Win32
		Release|Win32 = Release|Win32
	EndGlobalSection
	GlobalSection(ProjectConfigurationPlatforms) = postSolution
		{0931F284-681C-41F1-AF30-97D1DCE2283C}.Debug|Win32.ActiveCfg = Debug|Win32
		{0931F284-681C-41F1-AF30-97D1DCE2283C}.Debug|Win32.Build.0 = Debug|Win32
		{0931F284-681C-41F1-AF30-97D1DCE2283C}.Release_AVX2|Win32.ActiveCfg = Release|Win32
		{0931F284-681C-41F1-AF30-97D1DCE2283C}.Release_AVX2|Win32.Build.0 = Release|Win32
		{0931F284-681C-41F1-AF30-97D1DCE2283C}.Release_blob|Win32.ActiveCfg = Release_blob|Win32
		{0931F284-681C-41F1-AF30-97D1DCE2283C}.Release_blob|Win32.Build.0 = Release_blob|Win32
		{0931F284-681C-41F1-AF30-97D1DCE2283C}.Release|Win32.ActiveCfg = Release|Win32
		{0931F284-681C-41F1-AF30-97D1DCE2283C}.Release|Win32.Build.0 = Release|Win32
		{076D2FBC-CAB6-4E26-931A-E5E8E9A4EBA7}.Debug|Win32.ActiveCfg = Debug|Win32
		{076D2FBC-CAB6-4E26-931A-E5E8E9A4EBA7}.Debug|Win32.Build.0 = Debug|Win32
		{076D2FBC-CAB6-4E26-931A-E5E8E9A4EBA7}.Release_AVX2|Win32.ActiveCfg = Release_AVX2|Win32
		{076D2FBC-CAB6-4E26-931A-E5E8E9A4EBA7}.Release_AVX2|Win32.Build.0 = Release_AVX2|Win32
		{076D2FBC-CAB6-4E26-931A-E5E8E9A4EBA7}.Release_blob|Win32.ActiveCfg = Release|Win32
		{076D2FBC-CAB6-4E26-931A-E5E8E9A4EBA7}.Release_blob|Win32.Build.0 = Release|Win32
		{076D2FBC-CAB6-4E26-931A-E5E8E9A4EBA7}.Release|Win32.ActiveCfg = Release|Win32
		{076D2FBC-CAB6-4E26-931A-E5E8E9A4EBA7}.Release|Win32.Build.0 = Release|Win32
		{FBF9CAF6-8DED-4EB0-8E7B-18294607C5C5}.Debug|Win32.ActiveCfg = Debug|Win32
		{FBF9CAF6-8DED-4EB0-8E7B-18294607C5C5}.Debug|Win32.Build.0 = Debug|Win32
		{FBF9CAF6-8DED-4EB0-8E7B-18294607C5C5}.Release_AVX2|Win32.ActiveCfg = Release|Win32
		{FBF9CAF6-8DED-4EB0-8E7B-18294607C5C5}.Release_AVX2|Win32.Build.0 = Release|Win32
		{FBF9CAF6-8DED-4EB0-8E7B-18294607C5C5}.Release_blob|Win32.ActiveCfg = Release|Win32
		{FBF9CAF6-8DED-4EB0-8E7B-18294607C5C5}.Release_blob|Win32.Build.0 = Release|Win32
		{FBF9CAF6-8DED-4EB0-8E7B-18294607C5C5}.Release|Win32.ActiveCfg = Release|Win32
		{FBF9CAF6-8DED-4EB0-8E7B-18294607C5C5}.Release|Win32.Build.0 = Release|Win32
		{B93184CE-AACC-4538-B471-1F9A26B65DDC}.Debug|Win32.ActiveCfg = Debug|Win32
		{B93184CE-AACC-4538-B471-1F9A26B65DDC}.Debug|Win32.Build.0 = Debug|Win32
		{B93184CE-AACC-4538-B471-1F9A26B65DDC}.Release_AVX2|Win32.ActiveCfg = Release_AVX2|Win32
		{B93184CE-AACC-4538-B471-1F9A26B65DDC}.Release_AVX2|Win32.Build.0 = Release_AVX2|Win32
		{B93184CE-AACC-4538-B471-1F9A26B65DDC}.Release_blob|Win32.ActiveCfg = Release|Win32
		{B93184CE-AACC-4538-B471-1F9A26B65DDC}.Release_blob|Win32.Build.0 = Release|Win32
		{B93184CE-AACC-4538-B471-1F9A26B65DDC}.Release|Win32.ActiveCfg = Release|Win32
		{B93184CE-AACC-4538-B471-1F9A26B65DDC}.Release|Win32.Build.0 = Release|Win32
		{FBF9CAF6-8DED-4EB0-8E7B-18294607C5C6}.Debug|Win32.ActiveCfg = Debug|Win32
		{FBF9CAF6-8DED-4EB0-8E7B-18294607C5C6}.Debug|Win32.Build.0 = Debug|Win32
		{FBF9CAF6-8DED-4EB0-8E7B-18294607C5C6}.Release_AVX2|Win32.ActiveCfg = Release|Win32
		{FBF9CAF6-8DED-4EB0-8E7B-18294607C5C6}.Release_AVX2|Win32.Build.0 = Release|Win32
		{FBF9CAF6-8DED-4EB0-8E7B-18294607C5C6}.Release_blob|Win32.ActiveCfg = Release|Win32
		{FBF9CAF6-8DED-4EB0-8E7B-18294607C5C6}.Release_blob|Win32.Build.0 = Release|Win32
		{FBF9CAF6-8DED-4EB0-8E7B-18294607C5C6}.Release|Win32.ActiveCfg = Release|Win32
		{FBF9CAF6-8DED-4EB0-8E7B-18294607C5C6}.Release|Win32.Build.0 = Release|Win32
		{FBF9CAF6-8DED-4EB0-8E7B-18294607C5C7}.Debug|Win32.ActiveCfg = Debug|Win32
		{FBF9CAF6-8DED-4EB0-8E7B-18294607C5C7}.Debug|Win32.Build.0 = Debug|Win32
		{FBF9CAF6-8DED-4EB0-8E7B-18294607C5C7}.Release_AVX2|Win32.ActiveCfg = Release|Win32
		{FBF9CAF6-8DED-4EB0-8E7B-18294607C5C7}.Release_AVX2|Win32.Build.0 = Release|Win32
		{FBF9CAF6-8DED-4EB0-8E7B-18294607C5C7}.Release_blob|Win32.ActiveCfg = Release|Win32
		{FBF9CAF6-8DED-4EB0-8E7B-18294607C5C7}.Release_blob|Win32.Build.0 = Release|Win32
		{FBF9CAF6-8DED-4EB0-8E7B-18294607C5C7}.Release|Win32.ActiveCfg = Release|Win32
		{FBF9CAF6-8DED-4EB0-8E7B-18294607C5C7}.Release|Win32.Build.0 = Release|Win32
		{27D1C013-2419-4F33-85D0-841DE51D1732}.Debug|Win32.ActiveCfg = Debug|Win32
		{27D1C013-2419-4F33-85D0-841DE51D1732}.Debug|Win32.Build.0 = Debug|Win32
		{27D1C013-2419-4F33-85D0-841DE51D1732}.Release_AVX2|Win32.ActiveCfg = Release|Win32
		{27D1C013-2419-4F33-85D0-841DE51D1732}.Release_blob|Win32.ActiveCfg = Release|Win32
		{27D1C013-2419-4F33-85D0-841DE51D1732}.Release_blob|Win32.Build.0 = Release|Win32
		{27D1C013-2419-4F33-85D0-841DE51D1732}.Release|Win32.ActiveCfg = Release|Win32
		{27D1C013-2419-4F33-85D0-841DE51D1732}.Release|Win32.Build.0 = Release|Win32
		{1CD60924-CE1C-4F22-BA7D-C3460E4560A0}.Debug|Win32.ActiveCfg = Debug|Win32
		{1CD60924-CE1C-4F22-BA7D-C3460E4560A0}.Debug|Win32.Build.0 = Debug|Win32
		{1CD60924-CE1C-4F22-BA7D-C3460E4560A0}.Release_AVX2|Win32.ActiveCfg = Release|Win32
		{1CD60924-CE1C-4F22-BA7D-C3460E4560A0}.Release_blob|Win32.ActiveCfg = Release|Win32
		{1CD60924-CE1C-4F22-BA7D-C3460E4560A0}.Release_blob|Win32.Build.0 = Release|Win32
		{1CD60924-CE1C-4F22-BA7D-C3460E4560A0}.Release|Win32.ActiveCfg = Release|Win32
		{1CD60924-CE1C-4F22-BA7D-C3460E4560A0}.Release|Win32.Build.0 = Release|Win32
		{FBF9CAF6-8DED-4EB0-8E7B-18294607C5C8}.Debug|Win32.ActiveCfg = Debug|Win32
		{FBF9CAF6-8DED-4EB0-8E7B-18294607C5C8}.Debug|Win32.Build.0 = Debug|Win32
		{FBF9CAF6-8DED-4EB0-8E7B-18294607C5C8}.Release_AVX2|Win32.ActiveCfg = Release|Win32
		{FBF9CAF6-8DED-4EB0-8E7B-18294607C5C8}.Release_AVX2|Win32.Build.0 = Release|Win32
		{FBF9CAF6-8DED-4EB0-8E7B-18294607C5C8}.Release_blob|Win32.ActiveCfg = Release|Win32
		{FBF9CAF6-8DED-4EB0-8E7B-18294607C5C8}.Release_blob|Win32.Build.0 = Release|Win32
		{FBF9CAF6-8DED-4EB0-8E7B-18294607C5C8}.Release|Win32.ActiveCfg = Release|Win32
		{FBF9CAF6-8DED-4EB0-8E7B-18294607C5C8}.Release|Win32.Build.0 = Release|Win32
		{FBF9CAF6-8DED-4EB0-8E7B-18294607C5C9}.Debug|Win32.ActiveCfg = Debug|Win32
		{FBF9CAF6-8DED-4EB0-8E7B-18294607C5C9}.Debug|Win32.Build.0 = Debug|Win32
		{FBF9CAF6-8DED-4EB0-8E7B-18294607C5C9}.Release_AVX2|Win32.ActiveCfg = Release|Win32
		{FBF9CAF6-8DED-4EB0-8E7B-18294607C5C9}.Release_AVX2|Win32.Build.0 = Release|Win32
		{FBF9CAF6-8DED-4EB0-8E7B-18294607C5C9}.Release_blob|Win32.ActiveCfg = Release|Win32
		{FBF9CAF6-8DED-4EB0-8E7B-18294607C5C9}.Release_blob|Win32.Build.0 = Release|Win32
		{FBF9CAF6-8DED-4EB0-8E7B-18294607C5C9}.Release|Win32.ActiveCfg = Release|Win32
		{FBF9CAF6-8DED-4EB0-8E7B-18294607C5C9}.Release|Win32.Build.0 = Release|Win32
		{527CB8FE-4710-4F1E-B929-CF43C6C80D1E}.Debug|Win32.ActiveCfg = Debug|Win32
		{527CB8FE-4710-4F1E-B929-CF43C6C80D1E}.Debug|Win32.Build.0 = Debug|Win32
		{527CB8FE-4710-4F1E-B929-CF43C6C80D1E}.Release_AVX2|Win32.ActiveCfg = Release|Win32
		{527CB8FE-4710-4F1E-B929-CF43C6C80D1E}.Release_AVX2|Win32.Build.0 = Release|Win32
		{527CB8FE-4710-4F1E-B929-CF43C6C80D1E}.Release_blob|Win32.ActiveCfg = Release|Win32
		{527CB8FE-4710-4F1E-B929-CF43C6C80D1E}.Release_blob|Win32.Build.0 = Release|Win32
		{527CB8FE-4710-4F1E-B929-CF43C6C80D1E}.Release|Win32.ActiveCfg = Release|Win32
		{527CB8FE-4710-4F1E-B929-CF43C6C80D1E}.Release|Win32.Build.0 = Release|Win32
		{FBF9CAF6-8DED-4EB0-8E7B-18294607C5CC}.Debug|Win32.ActiveCfg = Debug|Win32
		{FBF9CAF6-8DED-4EB0-8E7B-18294607C5CC}.Debug|Win32.Build.0 = Debug|Win32
		{FBF9CAF6-8DED-4EB0-8E7B-18294607C5CC}.Release_AVX2|Win32.ActiveCfg = Release|Win32
		{FBF9CAF6-8DED-4EB0-8E7B-18294607C5CC}.Release_AVX2|Win32.Build.0 = Release|Win32
		{FBF9CAF6-8DED-4EB0-8E7B-18294607C5CC}.Release_blob|Win32.ActiveCfg = Release|Win32
		{FBF9CAF6-8DED-4EB0-8E7B-18294607C5CC}.Release_blob|Win32.Build.0 = Release|Win32
		{FBF9CAF6-8DED-4EB0-8E7B-18294607C5CC}.Release|Win32.ActiveCfg = Release|Win32
		{FBF9CAF6-8DED-4EB0-8E7B-18294607C5CC}.Release|Win32.Build.0 = Release|Win32
		{FBF9CAF6-8DED-4EB0-8E7B-18294607C5CD}.Debug|Win32.ActiveCfg = Debug|Win32
		{FBF9CAF6-8DED-4EB0-8E7B-18294607C5CD}.Debug|Win32.Build.0 = Debug|Win32
		{FBF9CAF6-8DED-4EB0-8E7B-18294607C5CD}.Release_AVX2|Win32.ActiveCfg = Release|Win32
		{FBF9CAF6-8DED-4EB0-8E7B-18294607C5CD}.Release_AVX2|Win32.Build.0 = Release|Win32
		{FBF9CAF6-8DED-4EB0-8E7B-18294607C5CD}.Release_blob|Win32.ActiveCfg = Release|Win32
		{FBF9CAF6-8DED-4EB0-8E7B-18294607C5CD}.Release_blob|Win32.Build.0 = Release|Win32
		{FBF9CAF6-8DED-4EB0-8E7B-18294607C5CD}.Release|Win32.ActiveCfg = Release|Win32
		{FBF9CAF6-8DED-4EB0-8E7B-18294607C5CD}.Release|Win32.Build.0 = Release|Win32
		{A4450AD0-38A5-48D5-B5E5-D17B865DB999}.Debug|Win32.ActiveCfg = Debug|Win32
		{A4450AD0-38A5-48D5-B5E5-D17B865DB999}.Debug|Win32.Build.0 = Debug|Win32
		{A4450AD0-38A5-48D5-B5E5-D17B865DB999}.Release_AVX2|Win32.ActiveCfg = Release|Win32
		{A4450AD0-38A5-48D5-B5E5-D17B865DB999}.Release_AVX2|Win32.Build.0 = Release|Win32
		{A4450AD0-38A5-48D5-B5E5-D17B865DB999}.Release_blob|Win32.ActiveCfg = Release|Win32
		{A4450AD0-38A5-48D5-B5E5-D17B865DB999}.Release_blob|Win32.Build.0 = Release|Win32
		{A4450AD0-38A5-48D5-B5E5-D17B865DB999}.Release|Win32.ActiveCfg = Release|Win32
		{A4450AD0-38A5-48D5-B5E5-D17B865DB999}.Release|Win32.Build.0 = Release|Win32
		{A4450AD0-38A5-48D5-B5E5-D17B865DB99A}.Debug|Win32.ActiveCfg = Debug|Win32
		{A4450AD0-38A5-48D5-B5E5-D17B865DB99A}.Debug|Win32.Build.0 = Debug|Win32
		{A4450AD0-38A5-48D5-B5E5-D17B865DB99A}.Release_AVX2|Win32.ActiveCfg = Release|Win32
		{A4450AD0-38A5-48D5-B5E5-D17B865DB99A}.Release_AVX2|Win32.Build.0 = Release|Win32
		{A4450AD0-38A5-48D5-B5E5-D17B865DB99A}.Release_blob|Win32.ActiveCfg = Release|Win32
		{A4450AD0-38A5-48D5-B5E5-D17B865DB99A}.Release_blob|Win32.Build.0 = Release|Win32
		{A4450AD0-38A5-48D5-B5E5-D17B865DB99A}.Release|Win32.ActiveCfg = Release|Win32
		{A4450AD0-38A5-48D5-B5E5-D17B865DB99A}.Release|Win32.Build.0 = Release|Win32
		{44F12F1B-E5AE-4C8E-AAD9-D3D958633A6F}.Debug|Win32.ActiveCfg = Debug|Win32
		{44F12F1B-E5AE-4C8E-AAD9-D3D958633A6F}.Debug|Win32.Build.0 = Debug|Win32
		{44F12F1B-E5AE-4C8E-AAD9-D3D958633A6F}.Release_AVX2|Win32.ActiveCfg = Release|Win32
		{44F12F1B-E5AE-4C8E-AAD9-D3D958633A6F}.Release_AVX2|Win32.Build.0 = Release|Win32
		{44F12F1B-E5AE-4C8E-AAD9-D3D958633A6F}.Release_blob|Win32.ActiveCfg = Release|Win32
		{44F12F1B-E5AE-4C8E-AAD9-D3D958633A6F}.Release_blob|Win32.Build.0 = Release|Win32
		{44F12F1B-E5AE-4C8E-AAD9-D3D958633A6F}.Release|Win32.ActiveCfg = Release|Win32
		{44F12F1B-E5AE-4C8E-AAD9-D3D958633A6F}.Release|Win32.Build.0 = Release|Win32
	EndGlobalSection
	GlobalSection(SolutionProperties) = preSolution
		HideSolutionNode = FALSE
	EndGlobalSection
	GlobalSection(NestedProjects) = preSolution
		{076D2FBC-CAB6-4E26-931A-E5E8E9A4EBA7} = {4BBE5591-2774-44E5-837E-B54D33AFC431}
		{FBF9CAF6-8DED-4EB0-8E7B-18294607C5C5} = {4BBE5591-2774-44E5-837E-B54D33AFC431}
		{B93184CE-AACC-4538-B471-1F9A26B65DDC} = {4BBE5591-2774-44E5-837E-B54D33AFC431}
		{FBF9CAF6-8DED-4EB0-8E7B-18294607C5C6} = {4BBE5591-2774-44E5-837E-B54D33AFC431}
		{FBF9CAF6-8DED-4EB0-8E7B-18294607C5C7} = {4BBE5591-2774-44E5-837E-B54D33AFC431}
		{27D1C013-2419-4F33-85D0-841DE51D1732} = {CABC7A6F-E1C7-41E4-8A38-3F74C8B0E13C}
		{1CD60924-CE1C-4F22-BA7D-C3460E4560A0} = {CABC7A6F-E1C7-41E4-8A38-3F74C8B0E13C}
		{FBF9CAF6-8DED-4EB0-8E7B-18294607C5C8} = {4BBE5591-2774-44E5-837E-B54D33AFC431}
		{FBF9CAF6-8DED-4EB0-8E7B-18294607C5C9} = {4BBE5591-2774-44E5-837E-B54D33AFC431}
		{527CB8FE-4710-4F1E-B929-CF43C6C80D1E} = {4BBE5591-2774-44E5-837E-B54D33AFC431}
		{FBF9CAF6-8DED-4EB0-8E7B-18294607C5CC} = {4BBE5591-2774-44E5-837E-B54D33AFC431}
		{FBF9CAF6-8DED-4EB0-8E7B-18294607C5CD} = {4BBE5591-2774-44E5-837E-B54D33AFC431}
		{A4450AD0-38A5-48D5-B5E5-D17B865DB999} = {C675D02D-BDD8-431A-91A7-59AE873F1BD0}
		{A4450AD0-38A5-48D5-B5E5-D17B865DB99A} = {C675D02D-BDD8-431A-91A7-59AE873F1BD0}
		{44F12F1B-E5AE-4C8E-AAD9-D3D958633A6F} = {4BBE5591-2774-44E5-837E-B54D33AFC431}
	EndGlobalSection
	GlobalSection(ExtensibilityGlobals) = postSolution
		SolutionGuid = {D7EC138D-907F-4149-8DE2-92E63D7597ED}
	EndGlobalSection
EndGlobal
