
Microsoft Visual Studio Solution File, Format Version 12.00
# Visual Studio Version 17
VisualStudioVersion = 17.0.31903.59
MinimumVisualStudioVersion = 10.0.40219.1
Project("{2150E333-8FDC-42A3-9474-1A3956D46DE8}") = "src", "src", "{827E0CD3-B72D-47B6-A68D-7590B98EB39B}"
EndProject
Project("{FAE04EC0-301F-11D3-BF4B-00C04F79EFBC}") = "BSPLocalizationTools", "src\BSPLocalizationTools\BSPLocalizationTools.csproj", "{E465BB12-D220-4171-BEA2-73E63C0A00E1}"
EndProject
Project("{FAE04EC0-301F-11D3-BF4B-00C04F79EFBC}") = "BSPLocalizationTools.Tests", "tests\BSPLocalizationTools.Tests\BSPLocalizationTools.Tests.csproj", "{FE47E594-ABEB-49BE-87F4-080B6359C840}"
EndProject
Project("{FAE04EC0-301F-11D3-BF4B-00C04F79EFBC}") = "BSPLocalizationToolsCore", "src\BSPLocalizationToolsCore\BSPLocalizationToolsCore.csproj", "{3B0AE2B3-8A62-4548-84B9-518E624D8688}"
EndProject
Project("{FAE04EC0-301F-11D3-BF4B-00C04F79EFBC}") = "BSPLocalizationToolsCLI", "src\BSPLocalizationToolsCLI\BSPLocalizationToolsCLI.csproj", "{30F77649-3BAC-4265-81A7-499A334434F2}"
EndProject
Global
	GlobalSection(SolutionConfigurationPlatforms) = preSolution
		Debug|Any CPU = Debug|Any CPU
		Debug|x64 = Debug|x64
		Debug|x86 = Debug|x86
		Release|Any CPU = Release|Any CPU
		Release|x64 = Release|x64
		Release|x86 = Release|x86
	EndGlobalSection
	GlobalSection(ProjectConfigurationPlatforms) = postSolution
		{E465BB12-D220-4171-BEA2-73E63C0A00E1}.Debug|Any CPU.ActiveCfg = Debug|Any CPU
		{E465BB12-D220-4171-BEA2-73E63C0A00E1}.Debug|Any CPU.Build.0 = Debug|Any CPU
		{E465BB12-D220-4171-BEA2-73E63C0A00E1}.Debug|x64.ActiveCfg = Debug|Any CPU
		{E465BB12-D220-4171-BEA2-73E63C0A00E1}.Debug|x64.Build.0 = Debug|Any CPU
		{E465BB12-D220-4171-BEA2-73E63C0A00E1}.Debug|x86.ActiveCfg = Debug|Any CPU
		{E465BB12-D220-4171-BEA2-73E63C0A00E1}.Debug|x86.Build.0 = Debug|Any CPU
		{E465BB12-D220-4171-BEA2-73E63C0A00E1}.Release|Any CPU.ActiveCfg = Release|Any CPU
		{E465BB12-D220-4171-BEA2-73E63C0A00E1}.Release|Any CPU.Build.0 = Release|Any CPU
		{E465BB12-D220-4171-BEA2-73E63C0A00E1}.Release|x64.ActiveCfg = Release|Any CPU
		{E465BB12-D220-4171-BEA2-73E63C0A00E1}.Release|x64.Build.0 = Release|Any CPU
		{E465BB12-D220-4171-BEA2-73E63C0A00E1}.Release|x86.ActiveCfg = Release|Any CPU
		{E465BB12-D220-4171-BEA2-73E63C0A00E1}.Release|x86.Build.0 = Release|Any CPU
		{FE47E594-ABEB-49BE-87F4-080B6359C840}.Debug|Any CPU.ActiveCfg = Debug|Any CPU
		{FE47E594-ABEB-49BE-87F4-080B6359C840}.Debug|Any CPU.Build.0 = Debug|Any CPU
		{FE47E594-ABEB-49BE-87F4-080B6359C840}.Debug|x64.ActiveCfg = Debug|Any CPU
		{FE47E594-ABEB-49BE-87F4-080B6359C840}.Debug|x64.Build.0 = Debug|Any CPU
		{FE47E594-ABEB-49BE-87F4-080B6359C840}.Debug|x86.ActiveCfg = Debug|Any CPU
		{FE47E594-ABEB-49BE-87F4-080B6359C840}.Debug|x86.Build.0 = Debug|Any CPU
		{FE47E594-ABEB-49BE-87F4-080B6359C840}.Release|Any CPU.ActiveCfg = Release|Any CPU
		{FE47E594-ABEB-49BE-87F4-080B6359C840}.Release|Any CPU.Build.0 = Release|Any CPU
		{FE47E594-ABEB-49BE-87F4-080B6359C840}.Release|x64.ActiveCfg = Release|Any CPU
		{FE47E594-ABEB-49BE-87F4-080B6359C840}.Release|x64.Build.0 = Release|Any CPU
		{FE47E594-ABEB-49BE-87F4-080B6359C840}.Release|x86.ActiveCfg = Release|Any CPU
		{FE47E594-ABEB-49BE-87F4-080B6359C840}.Release|x86.Build.0 = Release|Any CPU
		{3B0AE2B3-8A62-4548-84B9-518E624D8688}.Debug|Any CPU.ActiveCfg = Debug|Any CPU
		{3B0AE2B3-8A62-4548-84B9-518E624D8688}.Debug|Any CPU.Build.0 = Debug|Any CPU
		{3B0AE2B3-8A62-4548-84B9-518E624D8688}.Debug|x64.ActiveCfg = Debug|Any CPU
		{3B0AE2B3-8A62-4548-84B9-518E624D8688}.Debug|x64.Build.0 = Debug|Any CPU
		{3B0AE2B3-8A62-4548-84B9-518E624D8688}.Debug|x86.ActiveCfg = Debug|Any CPU
		{3B0AE2B3-8A62-4548-84B9-518E624D8688}.Debug|x86.Build.0 = Debug|Any CPU
		{3B0AE2B3-8A62-4548-84B9-518E624D8688}.Release|Any CPU.ActiveCfg = Release|Any CPU
		{3B0AE2B3-8A62-4548-84B9-518E624D8688}.Release|Any CPU.Build.0 = Release|Any CPU
		{3B0AE2B3-8A62-4548-84B9-518E624D8688}.Release|x64.ActiveCfg = Release|Any CPU
		{3B0AE2B3-8A62-4548-84B9-518E624D8688}.Release|x64.Build.0 = Release|Any CPU
		{3B0AE2B3-8A62-4548-84B9-518E624D8688}.Release|x86.ActiveCfg = Release|Any CPU
		{3B0AE2B3-8A62-4548-84B9-518E624D8688}.Release|x86.Build.0 = Release|Any CPU
		{30F77649-3BAC-4265-81A7-499A334434F2}.Debug|Any CPU.ActiveCfg = Debug|Any CPU
		{30F77649-3BAC-4265-81A7-499A334434F2}.Debug|Any CPU.Build.0 = Debug|Any CPU
		{30F77649-3BAC-4265-81A7-499A334434F2}.Debug|x64.ActiveCfg = Debug|Any CPU
		{30F77649-3BAC-4265-81A7-499A334434F2}.Debug|x64.Build.0 = Debug|Any CPU
		{30F77649-3BAC-4265-81A7-499A334434F2}.Debug|x86.ActiveCfg = Debug|Any CPU
		{30F77649-3BAC-4265-81A7-499A334434F2}.Debug|x86.Build.0 = Debug|Any CPU
		{30F77649-3BAC-4265-81A7-499A334434F2}.Release|Any CPU.ActiveCfg = Release|Any CPU
		{30F77649-3BAC-4265-81A7-499A334434F2}.Release|Any CPU.Build.0 = Release|Any CPU
		{30F77649-3BAC-4265-81A7-499A334434F2}.Release|x64.ActiveCfg = Release|Any CPU
		{30F77649-3BAC-4265-81A7-499A334434F2}.Release|x64.Build.0 = Release|Any CPU
		{30F77649-3BAC-4265-81A7-499A334434F2}.Release|x86.ActiveCfg = Release|Any CPU
		{30F77649-3BAC-4265-81A7-499A334434F2}.Release|x86.Build.0 = Release|Any CPU
	EndGlobalSection
	GlobalSection(SolutionProperties) = preSolution
		HideSolutionNode = FALSE
	EndGlobalSection
	GlobalSection(NestedProjects) = preSolution
		{E465BB12-D220-4171-BEA2-73E63C0A00E1} = {827E0CD3-B72D-47B6-A68D-7590B98EB39B}
		{FE47E594-ABEB-49BE-87F4-080B6359C840} = {827E0CD3-B72D-47B6-A68D-7590B98EB39B}
		{3B0AE2B3-8A62-4548-84B9-518E624D8688} = {827E0CD3-B72D-47B6-A68D-7590B98EB39B}
		{30F77649-3BAC-4265-81A7-499A334434F2} = {827E0CD3-B72D-47B6-A68D-7590B98EB39B}
	EndGlobalSection
EndGlobal
