<?xml version="1.0" encoding="utf-8"?>
<Project ToolsVersion="4.0" xmlns="http://schemas.microsoft.com/developer/msbuild/2003">
  <ItemGroup>
    <Filter Include="Source">
      <UniqueIdentifier>{4FC737F1-C7A5-4376-A066-2A32D752A2FF}</UniqueIdentifier>
      <Extensions>cpp;c;cc;cxx;def;odl;idl;hpj;bat;asm;asmx</Extensions>
    </Filter>
    <Filter Include="Header">
      <UniqueIdentifier>{93995380-89BD-4b04-88EB-625FBE52EBFB}</UniqueIdentifier>
      <Extensions>h;hpp;hxx;hm;inl;inc;xsd</Extensions>
    </Filter>
    <Filter Include="Interface">
      <UniqueIdentifier>{90e9fe25-d00d-4376-a34f-b9fc3610e348}</UniqueIdentifier>
    </Filter>
  </ItemGroup>
  <ItemGroup>
    <ClCompile Include="exportfuncs.cpp">
      <Filter>Source</Filter>
    </ClCompile>
    <ClCompile Include="gl_draw.cpp">
      <Filter>Source</Filter>
    </ClCompile>
    <ClCompile Include="gl_hooks.cpp">
      <Filter>Source</Filter>
    </ClCompile>
    <ClCompile Include="gl_hud.cpp">
      <Filter>Source</Filter>
    </ClCompile>
    <ClCompile Include="gl_rmain.cpp">
      <Filter>Source</Filter>
    </ClCompile>
    <ClCompile Include="gl_rmisc.cpp">
      <Filter>Source</Filter>
    </ClCompile>
    <ClCompile Include="gl_rsurf.cpp">
      <Filter>Source</Filter>
    </ClCompile>
    <ClCompile Include="gl_shader.cpp">
      <Filter>Source</Filter>
    </ClCompile>
    <ClCompile Include="gl_shadow.cpp">
      <Filter>Source</Filter>
    </ClCompile>
    <ClCompile Include="gl_studio.cpp">
      <Filter>Source</Filter>
    </ClCompile>
    <ClCompile Include="gl_warp.cpp">
      <Filter>Source</Filter>
    </ClCompile>
    <ClCompile Include="gl_water.cpp">
      <Filter>Source</Filter>
    </ClCompile>
    <ClCompile Include="gl_wsurf.cpp">
      <Filter>Source</Filter>
    </ClCompile>
    <ClCompile Include="mathlib.cpp">
      <Filter>Source</Filter>
    </ClCompile>
    <ClCompile Include="parsemsg.cpp">
      <Filter>Source</Filter>
    </ClCompile>
    <ClCompile Include="plugins.cpp">
      <Filter>Source</Filter>
    </ClCompile>
    <ClCompile Include="..\..\HLSDK\common\interface.cpp">
      <Filter>Source</Filter>
    </ClCompile>
    <ClCompile Include="gl_light.cpp">
      <Filter>Source</Filter>
    </ClCompile>
    <ClCompile Include="gl_sprite.cpp">
      <Filter>Source</Filter>
    </ClCompile>
    <ClCompile Include="gl_profile.cpp">
      <Filter>Source</Filter>
    </ClCompile>
    <ClCompile Include="gl_cvar.cpp">
      <Filter>Source</Filter>
    </ClCompile>
    <ClCompile Include="gl_portal.cpp">
      <Filter>Source</Filter>
    </ClCompile>
    <ClCompile Include="gl_model.cpp">
      <Filter>Source</Filter>
    </ClCompile>
    <ClCompile Include="gl_entity.cpp">
      <Filter>Source</Filter>
    </ClCompile>
    <ClCompile Include="MurmurHash2.cpp">
      <Filter>Source</Filter>
    </ClCompile>
    <ClCompile Include="zone.cpp">
      <Filter>Source</Filter>
    </ClCompile>
  </ItemGroup>
  <ItemGroup>
    <ClInclude Include="bspfile.h">
      <Filter>Header</Filter>
    </ClInclude>
    <ClInclude Include="enginedef.h">
      <Filter>Header</Filter>
    </ClInclude>
    <ClInclude Include="exportfuncs.h">
      <Filter>Header</Filter>
    </ClInclude>
    <ClInclude Include="gl_draw.h">
      <Filter>Header</Filter>
    </ClInclude>
    <ClInclude Include="gl_hud.h">
      <Filter>Header</Filter>
    </ClInclude>
    <ClInclude Include="gl_local.h">
      <Filter>Header</Filter>
    </ClInclude>
    <ClInclude Include="gl_shader.h">
      <Filter>Header</Filter>
    </ClInclude>
    <ClInclude Include="gl_shadow.h">
      <Filter>Header</Filter>
    </ClInclude>
    <ClInclude Include="gl_studio.h">
      <Filter>Header</Filter>
    </ClInclude>
    <ClInclude Include="gl_water.h">
      <Filter>Header</Filter>
    </ClInclude>
    <ClInclude Include="gl_wsurf.h">
      <Filter>Header</Filter>
    </ClInclude>
    <ClInclude Include="mathlib.h">
      <Filter>Header</Filter>
    </ClInclude>
    <ClInclude Include="parsemsg.h">
      <Filter>Header</Filter>
    </ClInclude>
    <ClInclude Include="plugins.h">
      <Filter>Header</Filter>
    </ClInclude>
    <ClInclude Include="qgl.h">
      <Filter>Header</Filter>
    </ClInclude>
    <ClInclude Include="spritegn.h">
      <Filter>Header</Filter>
    </ClInclude>
    <ClInclude Include="ref_int_internal.h">
      <Filter>Interface</Filter>
    </ClInclude>
    <ClInclude Include="gl_light.h">
      <Filter>Header</Filter>
    </ClInclude>
    <ClInclude Include="gl_sprite.h">
      <Filter>Header</Filter>
    </ClInclude>
    <ClInclude Include="gl_profile.h">
      <Filter>Header</Filter>
    </ClInclude>
    <ClInclude Include="gl_cvar.h">
      <Filter>Header</Filter>
    </ClInclude>
    <ClInclude Include="gl_portal.h">
      <Filter>Header</Filter>
    </ClInclude>
    <ClInclude Include="gl_entity.h">
      <Filter>Header</Filter>
    </ClInclude>
    <ClInclude Include="MurmurHash2.h">
      <Filter>Header</Filter>
    </ClInclude>
    <ClInclude Include="zone.h">
      <Filter>Header</Filter>
    </ClInclude>
    <ClInclude Include="gl_model.h">
      <Filter>Header</Filter>
    </ClInclude>
  </ItemGroup>
</Project>