<?xml version="1.0" encoding="utf-8"?>
<Project ToolsVersion="4.0" xmlns="http://schemas.microsoft.com/developer/msbuild/2003">
  <ItemGroup>
    <Filter Include="Source">
      <UniqueIdentifier>{4FC737F1-C7A5-4376-A066-2A32D752A2FF}</UniqueIdentifier>
      <Extensions>cpp;c;cc;cxx;def;odl;idl;hpj;bat;asm;asmx</Extensions>
    </Filter>
    <Filter Include="Header">
      <UniqueIdentifier>{93995380-89BD-4b04-88EB-625FBE52EBFB}</UniqueIdentifier>
      <Extensions>h;hpp;hxx;hm;inl;inc;xsd</Extensions>
    </Filter>
    <Filter Include="HLSDK">
      <UniqueIdentifier>{b66fea5f-a62a-4376-b528-9ba68db1f294}</UniqueIdentifier>
    </Filter>
    <Filter Include="vgui_controls">
      <UniqueIdentifier>{5427d245-35ed-4bf6-bb8e-b748d3d6f11d}</UniqueIdentifier>
    </Filter>
    <Filter Include="VGUI2">
      <UniqueIdentifier>{00281272-1403-4601-acff-e04201d2921f}</UniqueIdentifier>
    </Filter>
    <Filter Include="SourceSDK">
      <UniqueIdentifier>{2f18ff15-6c49-47bb-80e2-71762ef7b90a}</UniqueIdentifier>
    </Filter>
    <Filter Include="SourceSDK\tier1">
      <UniqueIdentifier>{1f84f2a8-e104-41a8-a354-5c9e94474878}</UniqueIdentifier>
    </Filter>
    <Filter Include="SourceSDK\vstdlib">
      <UniqueIdentifier>{6e5cf8aa-ce9a-4ce8-b1eb-67cb9af427d1}</UniqueIdentifier>
    </Filter>
    <Filter Include="SourceSDK\tier0">
      <UniqueIdentifier>{5cb93fe0-c106-4331-b8d9-a6100d479e4f}</UniqueIdentifier>
    </Filter>
    <Filter Include="SourceSDK\mathlib">
      <UniqueIdentifier>{9c754fac-2194-48e5-8517-13ddaed88cc7}</UniqueIdentifier>
    </Filter>
    <Filter Include="GLSL">
      <UniqueIdentifier>{faf7e248-e3fa-49f4-8b21-b2dbfec7735a}</UniqueIdentifier>
    </Filter>
    <Filter Include="tinyobjloader">
      <UniqueIdentifier>{104f2efa-1ccc-4536-8d87-1e53bb9db912}</UniqueIdentifier>
    </Filter>
    <Filter Include="Interface">
      <UniqueIdentifier>{509b8396-4347-4a0e-a7d8-11fb1cbf0348}</UniqueIdentifier>
    </Filter>
  </ItemGroup>
  <ItemGroup>
    <ClCompile Include="exportfuncs.cpp">
      <Filter>Source</Filter>
    </ClCompile>
    <ClCompile Include="gl_draw.cpp">
      <Filter>Source</Filter>
    </ClCompile>
    <ClCompile Include="gl_hooks.cpp">
      <Filter>Source</Filter>
    </ClCompile>
    <ClCompile Include="gl_hud.cpp">
      <Filter>Source</Filter>
    </ClCompile>
    <ClCompile Include="gl_rmain.cpp">
      <Filter>Source</Filter>
    </ClCompile>
    <ClCompile Include="gl_rmisc.cpp">
      <Filter>Source</Filter>
    </ClCompile>
    <ClCompile Include="gl_rsurf.cpp">
      <Filter>Source</Filter>
    </ClCompile>
    <ClCompile Include="gl_shader.cpp">
      <Filter>Source</Filter>
    </ClCompile>
    <ClCompile Include="gl_shadow.cpp">
      <Filter>Source</Filter>
    </ClCompile>
    <ClCompile Include="gl_studio.cpp">
      <Filter>Source</Filter>
    </ClCompile>
    <ClCompile Include="gl_warp.cpp">
      <Filter>Source</Filter>
    </ClCompile>
    <ClCompile Include="gl_water.cpp">
      <Filter>Source</Filter>
    </ClCompile>
    <ClCompile Include="gl_wsurf.cpp">
      <Filter>Source</Filter>
    </ClCompile>
    <ClCompile Include="mathlib2.cpp">
      <Filter>Source</Filter>
    </ClCompile>
    <ClCompile Include="parsemsg.cpp">
      <Filter>Source</Filter>
    </ClCompile>
    <ClCompile Include="plugins.cpp">
      <Filter>Source</Filter>
    </ClCompile>
    <ClCompile Include="gl_light.cpp">
      <Filter>Source</Filter>
    </ClCompile>
    <ClCompile Include="gl_sprite.cpp">
      <Filter>Source</Filter>
    </ClCompile>
    <ClCompile Include="gl_cvar.cpp">
      <Filter>Source</Filter>
    </ClCompile>
    <ClCompile Include="gl_portal.cpp">
      <Filter>Source</Filter>
    </ClCompile>
    <ClCompile Include="gl_model.cpp">
      <Filter>Source</Filter>
    </ClCompile>
    <ClCompile Include="gl_entity.cpp">
      <Filter>Source</Filter>
    </ClCompile>
    <ClCompile Include="MurmurHash2.cpp">
      <Filter>Source</Filter>
    </ClCompile>
    <ClCompile Include="zone.cpp">
      <Filter>Source</Filter>
    </ClCompile>
    <ClCompile Include="..\..\include\HLSDK\common\interface.cpp">
      <Filter>HLSDK</Filter>
    </ClCompile>
    <ClCompile Include="..\..\include\vgui_controls\AnalogBar.cpp">
      <Filter>vgui_controls</Filter>
    </ClCompile>
    <ClCompile Include="..\..\include\vgui_controls\AnimatingImagePanel.cpp">
      <Filter>vgui_controls</Filter>
    </ClCompile>
    <ClCompile Include="..\..\include\vgui_controls\AnimationController.cpp">
      <Filter>vgui_controls</Filter>
    </ClCompile>
    <ClCompile Include="..\..\include\vgui_controls\BitmapImagePanel.cpp">
      <Filter>vgui_controls</Filter>
    </ClCompile>
    <ClCompile Include="..\..\include\vgui_controls\BuildFactoryHelper.cpp">
      <Filter>vgui_controls</Filter>
    </ClCompile>
    <ClCompile Include="..\..\include\vgui_controls\BuildGroup.cpp">
      <Filter>vgui_controls</Filter>
    </ClCompile>
    <ClCompile Include="..\..\include\vgui_controls\BuildModeDialog.cpp">
      <Filter>vgui_controls</Filter>
    </ClCompile>
    <ClCompile Include="..\..\include\vgui_controls\Button.cpp">
      <Filter>vgui_controls</Filter>
    </ClCompile>
    <ClCompile Include="..\..\include\vgui_controls\CheckButton.cpp">
      <Filter>vgui_controls</Filter>
    </ClCompile>
    <ClCompile Include="..\..\include\vgui_controls\CheckButtonList.cpp">
      <Filter>vgui_controls</Filter>
    </ClCompile>
    <ClCompile Include="..\..\include\vgui_controls\CircularProgressBar.cpp">
      <Filter>vgui_controls</Filter>
    </ClCompile>
    <ClCompile Include="..\..\include\vgui_controls\ComboBox.cpp">
      <Filter>vgui_controls</Filter>
    </ClCompile>
    <ClCompile Include="..\..\include\vgui_controls\consoledialog.cpp">
      <Filter>vgui_controls</Filter>
    </ClCompile>
    <ClCompile Include="..\..\include\vgui_controls\ControllerMap.cpp">
      <Filter>vgui_controls</Filter>
    </ClCompile>
    <ClCompile Include="..\..\include\vgui_controls\Controls.cpp">
      <Filter>vgui_controls</Filter>
    </ClCompile>
    <ClCompile Include="..\..\include\vgui_controls\CvarSlider.cpp">
      <Filter>vgui_controls</Filter>
    </ClCompile>
    <ClCompile Include="..\..\include\vgui_controls\CvarTextEntry.cpp">
      <Filter>vgui_controls</Filter>
    </ClCompile>
    <ClCompile Include="..\..\include\vgui_controls\CvarToggleCheckButton.cpp">
      <Filter>vgui_controls</Filter>
    </ClCompile>
    <ClCompile Include="..\..\include\vgui_controls\DirectorySelectDialog.cpp">
      <Filter>vgui_controls</Filter>
    </ClCompile>
    <ClCompile Include="..\..\include\vgui_controls\Divider.cpp">
      <Filter>vgui_controls</Filter>
    </ClCompile>
    <ClCompile Include="..\..\include\vgui_controls\EditablePanel.cpp">
      <Filter>vgui_controls</Filter>
    </ClCompile>
    <ClCompile Include="..\..\include\vgui_controls\ExpandButton.cpp">
      <Filter>vgui_controls</Filter>
    </ClCompile>
    <ClCompile Include="..\..\include\vgui_controls\FileOpenDialog.cpp">
      <Filter>vgui_controls</Filter>
    </ClCompile>
    <ClCompile Include="..\..\include\vgui_controls\FocusNavGroup.cpp">
      <Filter>vgui_controls</Filter>
    </ClCompile>
    <ClCompile Include="..\..\include\vgui_controls\Frame.cpp">
      <Filter>vgui_controls</Filter>
    </ClCompile>
    <ClCompile Include="..\..\include\vgui_controls\GraphPanel.cpp">
      <Filter>vgui_controls</Filter>
    </ClCompile>
    <ClCompile Include="..\..\include\vgui_controls\HTML.cpp">
      <Filter>vgui_controls</Filter>
    </ClCompile>
    <ClCompile Include="..\..\include\vgui_controls\Image.cpp">
      <Filter>vgui_controls</Filter>
    </ClCompile>
    <ClCompile Include="..\..\include\vgui_controls\ImageList.cpp">
      <Filter>vgui_controls</Filter>
    </ClCompile>
    <ClCompile Include="..\..\include\vgui_controls\ImagePanel.cpp">
      <Filter>vgui_controls</Filter>
    </ClCompile>
    <ClCompile Include="..\..\include\vgui_controls\InputDialog.cpp">
      <Filter>vgui_controls</Filter>
    </ClCompile>
    <ClCompile Include="..\..\include\vgui_controls\KeyBindingHelpDialog.cpp">
      <Filter>vgui_controls</Filter>
    </ClCompile>
    <ClCompile Include="..\..\include\vgui_controls\KeyBoardEditorDialog.cpp">
      <Filter>vgui_controls</Filter>
    </ClCompile>
    <ClCompile Include="..\..\include\vgui_controls\KeyRepeat.cpp">
      <Filter>vgui_controls</Filter>
    </ClCompile>
    <ClCompile Include="..\..\include\vgui_controls\Label.cpp">
      <Filter>vgui_controls</Filter>
    </ClCompile>
    <ClCompile Include="..\..\include\vgui_controls\ListPanel.cpp">
      <Filter>vgui_controls</Filter>
    </ClCompile>
    <ClCompile Include="..\..\include\vgui_controls\ListViewPanel.cpp">
      <Filter>vgui_controls</Filter>
    </ClCompile>
    <ClCompile Include="..\..\include\vgui_controls\MemoryBitmap.cpp">
      <Filter>vgui_controls</Filter>
    </ClCompile>
    <ClCompile Include="..\..\include\vgui_controls\Menu.cpp">
      <Filter>vgui_controls</Filter>
    </ClCompile>
    <ClCompile Include="..\..\include\vgui_controls\MenuBar.cpp">
      <Filter>vgui_controls</Filter>
    </ClCompile>
    <ClCompile Include="..\..\include\vgui_controls\MenuButton.cpp">
      <Filter>vgui_controls</Filter>
    </ClCompile>
    <ClCompile Include="..\..\include\vgui_controls\MenuItem.cpp">
      <Filter>vgui_controls</Filter>
    </ClCompile>
    <ClCompile Include="..\..\include\vgui_controls\MessageBox.cpp">
      <Filter>vgui_controls</Filter>
    </ClCompile>
    <ClCompile Include="..\..\include\vgui_controls\MessageDialog.cpp">
      <Filter>vgui_controls</Filter>
    </ClCompile>
    <ClCompile Include="..\..\include\vgui_controls\Panel.cpp">
      <Filter>vgui_controls</Filter>
    </ClCompile>
    <ClCompile Include="..\..\include\vgui_controls\PanelListPanel.cpp">
      <Filter>vgui_controls</Filter>
    </ClCompile>
    <ClCompile Include="..\..\include\vgui_controls\ProgressBar.cpp">
      <Filter>vgui_controls</Filter>
    </ClCompile>
    <ClCompile Include="..\..\include\vgui_controls\ProgressBox.cpp">
      <Filter>vgui_controls</Filter>
    </ClCompile>
    <ClCompile Include="..\..\include\vgui_controls\PropertyDialog.cpp">
      <Filter>vgui_controls</Filter>
    </ClCompile>
    <ClCompile Include="..\..\include\vgui_controls\PropertyPage.cpp">
      <Filter>vgui_controls</Filter>
    </ClCompile>
    <ClCompile Include="..\..\include\vgui_controls\PropertySheet.cpp">
      <Filter>vgui_controls</Filter>
    </ClCompile>
    <ClCompile Include="..\..\include\vgui_controls\QueryBox.cpp">
      <Filter>vgui_controls</Filter>
    </ClCompile>
    <ClCompile Include="..\..\include\vgui_controls\RadioButton.cpp">
      <Filter>vgui_controls</Filter>
    </ClCompile>
    <ClCompile Include="..\..\include\vgui_controls\RichText.cpp">
      <Filter>vgui_controls</Filter>
    </ClCompile>
    <ClCompile Include="..\..\include\vgui_controls\RotatingProgressBar.cpp">
      <Filter>vgui_controls</Filter>
    </ClCompile>
    <ClCompile Include="..\..\include\vgui_controls\savedocumentquery.cpp">
      <Filter>vgui_controls</Filter>
    </ClCompile>
    <ClCompile Include="..\..\include\vgui_controls\ScrollableEditablePanel.cpp">
      <Filter>vgui_controls</Filter>
    </ClCompile>
    <ClCompile Include="..\..\include\vgui_controls\ScrollBar.cpp">
      <Filter>vgui_controls</Filter>
    </ClCompile>
    <ClCompile Include="..\..\include\vgui_controls\ScrollBarSlider.cpp">
      <Filter>vgui_controls</Filter>
    </ClCompile>
    <ClCompile Include="..\..\include\vgui_controls\SectionedListPanel.cpp">
      <Filter>vgui_controls</Filter>
    </ClCompile>
    <ClCompile Include="..\..\include\vgui_controls\Slider.cpp">
      <Filter>vgui_controls</Filter>
    </ClCompile>
    <ClCompile Include="..\..\include\vgui_controls\Splitter.cpp">
      <Filter>vgui_controls</Filter>
    </ClCompile>
    <ClCompile Include="..\..\include\vgui_controls\subrectimage.cpp">
      <Filter>vgui_controls</Filter>
    </ClCompile>
    <ClCompile Include="..\..\include\vgui_controls\TextEntry.cpp">
      <Filter>vgui_controls</Filter>
    </ClCompile>
    <ClCompile Include="..\..\include\vgui_controls\TextImage.cpp">
      <Filter>vgui_controls</Filter>
    </ClCompile>
    <ClCompile Include="..\..\include\vgui_controls\ToggleButton.cpp">
      <Filter>vgui_controls</Filter>
    </ClCompile>
    <ClCompile Include="..\..\include\vgui_controls\Tooltip.cpp">
      <Filter>vgui_controls</Filter>
    </ClCompile>
    <ClCompile Include="..\..\include\vgui_controls\ToolWindow.cpp">
      <Filter>vgui_controls</Filter>
    </ClCompile>
    <ClCompile Include="..\..\include\vgui_controls\TreeView.cpp">
      <Filter>vgui_controls</Filter>
    </ClCompile>
    <ClCompile Include="..\..\include\vgui_controls\TreeViewListControl.cpp">
      <Filter>vgui_controls</Filter>
    </ClCompile>
    <ClCompile Include="..\..\include\vgui_controls\URLLabel.cpp">
      <Filter>vgui_controls</Filter>
    </ClCompile>
    <ClCompile Include="..\..\include\vgui_controls\vgui_controls.cpp">
      <Filter>vgui_controls</Filter>
    </ClCompile>
    <ClCompile Include="..\..\include\vgui_controls\WizardPanel.cpp">
      <Filter>vgui_controls</Filter>
    </ClCompile>
    <ClCompile Include="..\..\include\vgui_controls\WizardSubPanel.cpp">
      <Filter>vgui_controls</Filter>
    </ClCompile>
    <ClCompile Include="..\..\include\SourceSDK\tier1\KeyValues.cpp">
      <Filter>VGUI2</Filter>
    </ClCompile>
    <ClCompile Include="..\..\include\SourceSDK\tier1\characterset.cpp">
      <Filter>SourceSDK\tier1</Filter>
    </ClCompile>
    <ClCompile Include="..\..\include\SourceSDK\tier1\generichash.cpp">
      <Filter>SourceSDK\tier1</Filter>
    </ClCompile>
    <ClCompile Include="..\..\include\SourceSDK\tier1\mempool.cpp">
      <Filter>SourceSDK\tier1</Filter>
    </ClCompile>
    <ClCompile Include="..\..\include\SourceSDK\tier1\memstack.cpp">
      <Filter>SourceSDK\tier1</Filter>
    </ClCompile>
    <ClCompile Include="..\..\include\SourceSDK\tier1\stringpool.cpp">
      <Filter>SourceSDK\tier1</Filter>
    </ClCompile>
    <ClCompile Include="..\..\include\SourceSDK\tier1\utlbuffer.cpp">
      <Filter>SourceSDK\tier1</Filter>
    </ClCompile>
    <ClCompile Include="..\..\include\SourceSDK\tier1\utlstring.cpp">
      <Filter>SourceSDK\tier1</Filter>
    </ClCompile>
    <ClCompile Include="..\..\include\SourceSDK\tier1\utlsymbol.cpp">
      <Filter>SourceSDK\tier1</Filter>
    </ClCompile>
    <ClCompile Include="..\..\include\SourceSDK\vstdlib\KeyValuesSystem.cpp">
      <Filter>SourceSDK\vstdlib</Filter>
    </ClCompile>
    <ClCompile Include="..\..\include\SourceSDK\vstdlib\random.cpp">
      <Filter>SourceSDK\vstdlib</Filter>
    </ClCompile>
    <ClCompile Include="..\..\include\SourceSDK\tier0\assert_dialog.cpp">
      <Filter>SourceSDK\tier0</Filter>
    </ClCompile>
    <ClCompile Include="..\..\include\SourceSDK\tier0\cpu.cpp">
      <Filter>SourceSDK\tier0</Filter>
    </ClCompile>
    <ClCompile Include="..\..\include\SourceSDK\tier0\dbg.cpp">
      <Filter>SourceSDK\tier0</Filter>
    </ClCompile>
    <ClCompile Include="..\..\include\SourceSDK\tier0\fasttimer.cpp">
      <Filter>SourceSDK\tier0</Filter>
    </ClCompile>
    <ClCompile Include="..\..\include\SourceSDK\tier0\mem.cpp">
      <Filter>SourceSDK\tier0</Filter>
    </ClCompile>
    <ClCompile Include="..\..\include\SourceSDK\tier0\mem_helpers.cpp">
      <Filter>SourceSDK\tier0</Filter>
    </ClCompile>
    <ClCompile Include="..\..\include\SourceSDK\tier0\memdbg.cpp">
      <Filter>SourceSDK\tier0</Filter>
    </ClCompile>
    <ClCompile Include="..\..\include\SourceSDK\tier0\memstd.cpp">
      <Filter>SourceSDK\tier0</Filter>
    </ClCompile>
    <ClCompile Include="..\..\include\SourceSDK\tier0\minidump.cpp">
      <Filter>SourceSDK\tier0</Filter>
    </ClCompile>
    <ClCompile Include="..\..\include\SourceSDK\tier0\platform.cpp">
      <Filter>SourceSDK\tier0</Filter>
    </ClCompile>
    <ClCompile Include="..\..\include\SourceSDK\tier0\threadtools.cpp">
      <Filter>SourceSDK\tier0</Filter>
    </ClCompile>
    <ClCompile Include="..\..\include\SourceSDK\filesystem.cpp">
      <Filter>SourceSDK</Filter>
    </ClCompile>
    <ClCompile Include="..\..\include\SourceSDK\filesystem_helpers.cpp">
      <Filter>SourceSDK</Filter>
    </ClCompile>
    <ClCompile Include="..\..\include\SourceSDK\mathlib\mathlib_base.cpp">
      <Filter>SourceSDK\mathlib</Filter>
    </ClCompile>
    <ClCompile Include="..\..\include\SourceSDK\mathlib\3dnow.cpp">
      <Filter>SourceSDK\mathlib</Filter>
    </ClCompile>
    <ClCompile Include="..\..\include\SourceSDK\mathlib\sse.cpp">
      <Filter>SourceSDK\mathlib</Filter>
    </ClCompile>
    <ClCompile Include="GameUI.cpp">
      <Filter>VGUI2</Filter>
    </ClCompile>
    <ClCompile Include="VGUI2ExtensionImport.cpp">
      <Filter>VGUI2</Filter>
    </ClCompile>
    <ClCompile Include="BaseUI.cpp">
      <Filter>VGUI2</Filter>
    </ClCompile>
    <ClCompile Include="..\..\include\SourceSDK\tier0\vcrmode.cpp">
      <Filter>SourceSDK\tier0</Filter>
    </ClCompile>
    <ClCompile Include="..\..\include\SourceSDK\tier1\strtools.cpp">
      <Filter>SourceSDK\tier1</Filter>
    </ClCompile>
    <ClCompile Include="util.cpp">
      <Filter>Source</Filter>
    </ClCompile>
    <ClCompile Include="CounterStrike.cpp">
      <Filter>Source</Filter>
    </ClCompile>
    <ClCompile Include="UtilThreadTask.cpp">
      <Filter>Source</Filter>
    </ClCompile>
    <ClCompile Include="LambdaThreadedTask.cpp">
      <Filter>Source</Filter>
    </ClCompile>
    <ClCompile Include="EngineSurfaceHook.cpp">
      <Filter>Source</Filter>
    </ClCompile>
    <ClCompile Include="VideoMode.cpp">
      <Filter>Source</Filter>
    </ClCompile>
    <ClCompile Include="gl_ringbuffer.cpp">
      <Filter>Source</Filter>
    </ClCompile>
    <ClCompile Include="..\..\thirdparty\tinyobjloader\tiny_obj_loader.cc">
      <Filter>tinyobjloader</Filter>
    </ClCompile>
  </ItemGroup>
  <ItemGroup>
    <ClInclude Include="bspfile.h">
      <Filter>Header</Filter>
    </ClInclude>
    <ClInclude Include="enginedef.h">
      <Filter>Header</Filter>
    </ClInclude>
    <ClInclude Include="exportfuncs.h">
      <Filter>Header</Filter>
    </ClInclude>
    <ClInclude Include="gl_draw.h">
      <Filter>Header</Filter>
    </ClInclude>
    <ClInclude Include="gl_hud.h">
      <Filter>Header</Filter>
    </ClInclude>
    <ClInclude Include="gl_local.h">
      <Filter>Header</Filter>
    </ClInclude>
    <ClInclude Include="gl_shader.h">
      <Filter>Header</Filter>
    </ClInclude>
    <ClInclude Include="gl_shadow.h">
      <Filter>Header</Filter>
    </ClInclude>
    <ClInclude Include="gl_studio.h">
      <Filter>Header</Filter>
    </ClInclude>
    <ClInclude Include="gl_water.h">
      <Filter>Header</Filter>
    </ClInclude>
    <ClInclude Include="gl_wsurf.h">
      <Filter>Header</Filter>
    </ClInclude>
    <ClInclude Include="mathlib2.h">
      <Filter>Header</Filter>
    </ClInclude>
    <ClInclude Include="plugins.h">
      <Filter>Header</Filter>
    </ClInclude>
    <ClInclude Include="qgl.h">
      <Filter>Header</Filter>
    </ClInclude>
    <ClInclude Include="spritegn.h">
      <Filter>Header</Filter>
    </ClInclude>
    <ClInclude Include="gl_light.h">
      <Filter>Header</Filter>
    </ClInclude>
    <ClInclude Include="gl_sprite.h">
      <Filter>Header</Filter>
    </ClInclude>
    <ClInclude Include="gl_cvar.h">
      <Filter>Header</Filter>
    </ClInclude>
    <ClInclude Include="gl_portal.h">
      <Filter>Header</Filter>
    </ClInclude>
    <ClInclude Include="gl_entity.h">
      <Filter>Header</Filter>
    </ClInclude>
    <ClInclude Include="MurmurHash2.h">
      <Filter>Header</Filter>
    </ClInclude>
    <ClInclude Include="zone.h">
      <Filter>Header</Filter>
    </ClInclude>
    <ClInclude Include="gl_model.h">
      <Filter>Header</Filter>
    </ClInclude>
    <ClInclude Include="privatehook.h">
      <Filter>Header</Filter>
    </ClInclude>
    <ClInclude Include="gl_common.h">
      <Filter>Header</Filter>
    </ClInclude>
    <ClInclude Include="..\..\include\vgui_controls\AnalogBar.h">
      <Filter>vgui_controls</Filter>
    </ClInclude>
    <ClInclude Include="..\..\include\vgui_controls\AnimatingImagePanel.h">
      <Filter>vgui_controls</Filter>
    </ClInclude>
    <ClInclude Include="..\..\include\vgui_controls\AnimationController.h">
      <Filter>vgui_controls</Filter>
    </ClInclude>
    <ClInclude Include="..\..\include\vgui_controls\BitmapImagePanel.h">
      <Filter>vgui_controls</Filter>
    </ClInclude>
    <ClInclude Include="..\..\include\vgui_controls\BuildGroup.h">
      <Filter>vgui_controls</Filter>
    </ClInclude>
    <ClInclude Include="..\..\include\vgui_controls\BuildModeDialog.h">
      <Filter>vgui_controls</Filter>
    </ClInclude>
    <ClInclude Include="..\..\include\vgui_controls\Button.h">
      <Filter>vgui_controls</Filter>
    </ClInclude>
    <ClInclude Include="..\..\include\vgui_controls\CheckButton.h">
      <Filter>vgui_controls</Filter>
    </ClInclude>
    <ClInclude Include="..\..\include\vgui_controls\CheckButtonList.h">
      <Filter>vgui_controls</Filter>
    </ClInclude>
    <ClInclude Include="..\..\include\vgui_controls\CircularProgressBar.h">
      <Filter>vgui_controls</Filter>
    </ClInclude>
    <ClInclude Include="..\..\include\vgui_controls\ComboBox.h">
      <Filter>vgui_controls</Filter>
    </ClInclude>
    <ClInclude Include="..\..\include\vgui_controls\consoledialog.h">
      <Filter>vgui_controls</Filter>
    </ClInclude>
    <ClInclude Include="..\..\include\vgui_controls\ControllerMap.h">
      <Filter>vgui_controls</Filter>
    </ClInclude>
    <ClInclude Include="..\..\include\vgui_controls\Controls.h">
      <Filter>vgui_controls</Filter>
    </ClInclude>
    <ClInclude Include="..\..\include\vgui_controls\CvarSlider.h">
      <Filter>vgui_controls</Filter>
    </ClInclude>
    <ClInclude Include="..\..\include\vgui_controls\CvarTextEntry.h">
      <Filter>vgui_controls</Filter>
    </ClInclude>
    <ClInclude Include="..\..\include\vgui_controls\CvarToggleCheckButton.h">
      <Filter>vgui_controls</Filter>
    </ClInclude>
    <ClInclude Include="..\..\include\vgui_controls\DialogManager.h">
      <Filter>vgui_controls</Filter>
    </ClInclude>
    <ClInclude Include="..\..\include\vgui_controls\DirectorySelectDialog.h">
      <Filter>vgui_controls</Filter>
    </ClInclude>
    <ClInclude Include="..\..\include\vgui_controls\Divider.h">
      <Filter>vgui_controls</Filter>
    </ClInclude>
    <ClInclude Include="..\..\include\vgui_controls\EditablePanel.h">
      <Filter>vgui_controls</Filter>
    </ClInclude>
    <ClInclude Include="..\..\include\vgui_controls\ExpandButton.h">
      <Filter>vgui_controls</Filter>
    </ClInclude>
    <ClInclude Include="..\..\include\vgui_controls\FileOpenDialog.h">
      <Filter>vgui_controls</Filter>
    </ClInclude>
    <ClInclude Include="..\..\include\vgui_controls\FocusNavGroup.h">
      <Filter>vgui_controls</Filter>
    </ClInclude>
    <ClInclude Include="..\..\include\vgui_controls\Frame.h">
      <Filter>vgui_controls</Filter>
    </ClInclude>
    <ClInclude Include="..\..\include\vgui_controls\GraphPanel.h">
      <Filter>vgui_controls</Filter>
    </ClInclude>
    <ClInclude Include="..\..\include\vgui_controls\HTML.h">
      <Filter>vgui_controls</Filter>
    </ClInclude>
    <ClInclude Include="..\..\include\vgui_controls\Image.h">
      <Filter>vgui_controls</Filter>
    </ClInclude>
    <ClInclude Include="..\..\include\vgui_controls\ImageList.h">
      <Filter>vgui_controls</Filter>
    </ClInclude>
    <ClInclude Include="..\..\include\vgui_controls\ImagePanel.h">
      <Filter>vgui_controls</Filter>
    </ClInclude>
    <ClInclude Include="..\..\include\vgui_controls\InputDialog.h">
      <Filter>vgui_controls</Filter>
    </ClInclude>
    <ClInclude Include="..\..\include\vgui_controls\KeyBindingHelpDialog.h">
      <Filter>vgui_controls</Filter>
    </ClInclude>
    <ClInclude Include="..\..\include\vgui_controls\KeyBindingMap.h">
      <Filter>vgui_controls</Filter>
    </ClInclude>
    <ClInclude Include="..\..\include\vgui_controls\KeyBoardEditorDialog.h">
      <Filter>vgui_controls</Filter>
    </ClInclude>
    <ClInclude Include="..\..\include\vgui_controls\KeyRepeat.h">
      <Filter>vgui_controls</Filter>
    </ClInclude>
    <ClInclude Include="..\..\include\vgui_controls\Label.h">
      <Filter>vgui_controls</Filter>
    </ClInclude>
    <ClInclude Include="..\..\include\vgui_controls\ListPanel.h">
      <Filter>vgui_controls</Filter>
    </ClInclude>
    <ClInclude Include="..\..\include\vgui_controls\ListViewPanel.h">
      <Filter>vgui_controls</Filter>
    </ClInclude>
    <ClInclude Include="..\..\include\vgui_controls\MemoryBitmap.h">
      <Filter>vgui_controls</Filter>
    </ClInclude>
    <ClInclude Include="..\..\include\vgui_controls\Menu.h">
      <Filter>vgui_controls</Filter>
    </ClInclude>
    <ClInclude Include="..\..\include\vgui_controls\MenuBar.h">
      <Filter>vgui_controls</Filter>
    </ClInclude>
    <ClInclude Include="..\..\include\vgui_controls\MenuButton.h">
      <Filter>vgui_controls</Filter>
    </ClInclude>
    <ClInclude Include="..\..\include\vgui_controls\MenuItem.h">
      <Filter>vgui_controls</Filter>
    </ClInclude>
    <ClInclude Include="..\..\include\vgui_controls\MessageBox.h">
      <Filter>vgui_controls</Filter>
    </ClInclude>
    <ClInclude Include="..\..\include\vgui_controls\MessageDialog.h">
      <Filter>vgui_controls</Filter>
    </ClInclude>
    <ClInclude Include="..\..\include\vgui_controls\MessageMap.h">
      <Filter>vgui_controls</Filter>
    </ClInclude>
    <ClInclude Include="..\..\include\vgui_controls\Panel.h">
      <Filter>vgui_controls</Filter>
    </ClInclude>
    <ClInclude Include="..\..\include\vgui_controls\PanelAnimationVar.h">
      <Filter>vgui_controls</Filter>
    </ClInclude>
    <ClInclude Include="..\..\include\vgui_controls\PanelListPanel.h">
      <Filter>vgui_controls</Filter>
    </ClInclude>
    <ClInclude Include="..\..\include\vgui_controls\pch_vgui_controls.h">
      <Filter>vgui_controls</Filter>
    </ClInclude>
    <ClInclude Include="..\..\include\vgui_controls\PHandle.h">
      <Filter>vgui_controls</Filter>
    </ClInclude>
    <ClInclude Include="..\..\include\vgui_controls\ProgressBar.h">
      <Filter>vgui_controls</Filter>
    </ClInclude>
    <ClInclude Include="..\..\include\vgui_controls\ProgressBox.h">
      <Filter>vgui_controls</Filter>
    </ClInclude>
    <ClInclude Include="..\..\include\vgui_controls\PropertyDialog.h">
      <Filter>vgui_controls</Filter>
    </ClInclude>
    <ClInclude Include="..\..\include\vgui_controls\PropertyPage.h">
      <Filter>vgui_controls</Filter>
    </ClInclude>
    <ClInclude Include="..\..\include\vgui_controls\PropertySheet.h">
      <Filter>vgui_controls</Filter>
    </ClInclude>
    <ClInclude Include="..\..\include\vgui_controls\QueryBox.h">
      <Filter>vgui_controls</Filter>
    </ClInclude>
    <ClInclude Include="..\..\include\vgui_controls\RadioButton.h">
      <Filter>vgui_controls</Filter>
    </ClInclude>
    <ClInclude Include="..\..\include\vgui_controls\RichText.h">
      <Filter>vgui_controls</Filter>
    </ClInclude>
    <ClInclude Include="..\..\include\vgui_controls\RotatingProgressBar.h">
      <Filter>vgui_controls</Filter>
    </ClInclude>
    <ClInclude Include="..\..\include\vgui_controls\savedocumentquery.h">
      <Filter>vgui_controls</Filter>
    </ClInclude>
    <ClInclude Include="..\..\include\vgui_controls\ScrollableEditablePanel.h">
      <Filter>vgui_controls</Filter>
    </ClInclude>
    <ClInclude Include="..\..\include\vgui_controls\ScrollBar.h">
      <Filter>vgui_controls</Filter>
    </ClInclude>
    <ClInclude Include="..\..\include\vgui_controls\ScrollBarSlider.h">
      <Filter>vgui_controls</Filter>
    </ClInclude>
    <ClInclude Include="..\..\include\vgui_controls\SectionedListPanel.h">
      <Filter>vgui_controls</Filter>
    </ClInclude>
    <ClInclude Include="..\..\include\vgui_controls\Slider.h">
      <Filter>vgui_controls</Filter>
    </ClInclude>
    <ClInclude Include="..\..\include\vgui_controls\Splitter.h">
      <Filter>vgui_controls</Filter>
    </ClInclude>
    <ClInclude Include="..\..\include\vgui_controls\subrectimage.h">
      <Filter>vgui_controls</Filter>
    </ClInclude>
    <ClInclude Include="..\..\include\vgui_controls\TextEntry.h">
      <Filter>vgui_controls</Filter>
    </ClInclude>
    <ClInclude Include="..\..\include\vgui_controls\TextImage.h">
      <Filter>vgui_controls</Filter>
    </ClInclude>
    <ClInclude Include="..\..\include\vgui_controls\ToggleButton.h">
      <Filter>vgui_controls</Filter>
    </ClInclude>
    <ClInclude Include="..\..\include\vgui_controls\Tooltip.h">
      <Filter>vgui_controls</Filter>
    </ClInclude>
    <ClInclude Include="..\..\include\vgui_controls\ToolWindow.h">
      <Filter>vgui_controls</Filter>
    </ClInclude>
    <ClInclude Include="..\..\include\vgui_controls\TreeView.h">
      <Filter>vgui_controls</Filter>
    </ClInclude>
    <ClInclude Include="..\..\include\vgui_controls\TreeViewListControl.h">
      <Filter>vgui_controls</Filter>
    </ClInclude>
    <ClInclude Include="..\..\include\vgui_controls\URLLabel.h">
      <Filter>vgui_controls</Filter>
    </ClInclude>
    <ClInclude Include="..\..\include\vgui_controls\WizardPanel.h">
      <Filter>vgui_controls</Filter>
    </ClInclude>
    <ClInclude Include="..\..\include\vgui_controls\WizardSubPanel.h">
      <Filter>vgui_controls</Filter>
    </ClInclude>
    <ClInclude Include="VGUI2ExtensionImport.h">
      <Filter>VGUI2</Filter>
    </ClInclude>
    <ClInclude Include="..\..\Build\svencoop\renderer\shader\common.h">
      <Filter>GLSL</Filter>
    </ClInclude>
    <ClInclude Include="CounterStrike.h">
      <Filter>Header</Filter>
    </ClInclude>
    <ClInclude Include="UtilThreadTask.h">
      <Filter>Header</Filter>
    </ClInclude>
    <ClInclude Include="LambdaThreadedTask.h">
      <Filter>Header</Filter>
    </ClInclude>
    <ClInclude Include="gl_ringbuffer.h">
      <Filter>Header</Filter>
    </ClInclude>
    <ClInclude Include="..\..\thirdparty\tinyobjloader\tiny_obj_loader.h">
      <Filter>tinyobjloader</Filter>
    </ClInclude>
    <ClInclude Include="..\..\include\Interface\IMetaRenderer.h">
      <Filter>Interface</Filter>
    </ClInclude>
  </ItemGroup>
  <ItemGroup>
    <None Include="..\..\Build\svencoop\renderer\shader\blit_oitblend.frag.glsl">
      <Filter>GLSL</Filter>
    </None>
    <None Include="..\..\Build\svencoop\renderer\shader\depthlinearize.frag.glsl">
      <Filter>GLSL</Filter>
    </None>
    <None Include="..\..\Build\svencoop\renderer\shader\dfinal_shader.frag.glsl">
      <Filter>GLSL</Filter>
    </None>
    <None Include="..\..\Build\svencoop\renderer\shader\dlight_shader.frag.glsl">
      <Filter>GLSL</Filter>
    </None>
    <None Include="..\..\Build\svencoop\renderer\shader\dlight_shader.vert.glsl">
      <Filter>GLSL</Filter>
    </None>
    <None Include="..\..\Build\svencoop\renderer\shader\down_sample.frag.glsl">
      <Filter>GLSL</Filter>
    </None>
    <None Include="..\..\Build\svencoop\renderer\shader\fullscreenquad.vert.glsl">
      <Filter>GLSL</Filter>
    </None>
    <None Include="..\..\Build\svencoop\renderer\shader\fullscreentriangle.vert.glsl">
      <Filter>GLSL</Filter>
    </None>
    <None Include="..\..\Build\svencoop\renderer\shader\gamma_correction.frag.glsl">
      <Filter>GLSL</Filter>
    </None>
    <None Include="..\..\Build\svencoop\renderer\shader\gamma_uncorrection.frag.glsl">
      <Filter>GLSL</Filter>
    </None>
    <None Include="..\..\Build\svencoop\renderer\shader\gaussian_blur_16x.frag.glsl">
      <Filter>GLSL</Filter>
    </None>
    <None Include="..\..\Build\svencoop\renderer\shader\hbao.frag.glsl">
      <Filter>GLSL</Filter>
    </None>
    <None Include="..\..\Build\svencoop\renderer\shader\hbao_blur.frag.glsl">
      <Filter>GLSL</Filter>
    </None>
    <None Include="..\..\Build\svencoop\renderer\shader\hdr_adaption.frag.glsl">
      <Filter>GLSL</Filter>
    </None>
    <None Include="..\..\Build\svencoop\renderer\shader\hdr_brightpass.frag.glsl">
      <Filter>GLSL</Filter>
    </None>
    <None Include="..\..\Build\svencoop\renderer\shader\hdr_lumpass.frag.glsl">
      <Filter>GLSL</Filter>
    </None>
    <None Include="..\..\Build\svencoop\renderer\shader\hdr_tonemap.frag.glsl">
      <Filter>GLSL</Filter>
    </None>
    <None Include="..\..\Build\svencoop\renderer\shader\hud_debug.frag.glsl">
      <Filter>GLSL</Filter>
    </None>
    <None Include="..\..\Build\svencoop\renderer\shader\hud_debug.vert.glsl">
      <Filter>GLSL</Filter>
    </None>
    <None Include="..\..\Build\svencoop\renderer\shader\oitbuffer_clear.frag.glsl">
      <Filter>GLSL</Filter>
    </None>
    <None Include="..\..\Build\svencoop\renderer\shader\portal_shader.frag.glsl">
      <Filter>GLSL</Filter>
    </None>
    <None Include="..\..\Build\svencoop\renderer\shader\portal_shader.vert.glsl">
      <Filter>GLSL</Filter>
    </None>
    <None Include="..\..\Build\svencoop\renderer\shader\pp_common.vert.glsl">
      <Filter>GLSL</Filter>
    </None>
    <None Include="..\..\Build\svencoop\renderer\shader\pp_common2x2.vert.glsl">
      <Filter>GLSL</Filter>
    </None>
    <None Include="..\..\Build\svencoop\renderer\shader\pp_fxaa.frag.glsl">
      <Filter>GLSL</Filter>
    </None>
    <None Include="..\..\Build\svencoop\renderer\shader\pp_fxaa.vert.glsl">
      <Filter>GLSL</Filter>
    </None>
    <None Include="..\..\Build\svencoop\renderer\shader\sprite_shader.frag.glsl">
      <Filter>GLSL</Filter>
    </None>
    <None Include="..\..\Build\svencoop\renderer\shader\sprite_shader.vert.glsl">
      <Filter>GLSL</Filter>
    </None>
    <None Include="..\..\Build\svencoop\renderer\shader\studio_shader.frag.glsl">
      <Filter>GLSL</Filter>
    </None>
    <None Include="..\..\Build\svencoop\renderer\shader\studio_shader.vert.glsl">
      <Filter>GLSL</Filter>
    </None>
    <None Include="..\..\Build\svencoop\renderer\shader\under_water_effect.frag.glsl">
      <Filter>GLSL</Filter>
    </None>
    <None Include="..\..\Build\svencoop\renderer\shader\water_shader.frag.glsl">
      <Filter>GLSL</Filter>
    </None>
    <None Include="..\..\Build\svencoop\renderer\shader\water_shader.vert.glsl">
      <Filter>GLSL</Filter>
    </None>
    <None Include="..\..\Build\svencoop\renderer\shader\wsurf_shader.frag.glsl">
      <Filter>GLSL</Filter>
    </None>
    <None Include="..\..\Build\svencoop\renderer\shader\wsurf_shader.vert.glsl">
      <Filter>GLSL</Filter>
    </None>
    <None Include="..\..\Build\svencoop\renderer\shader\triapi_shader.frag.glsl">
      <Filter>GLSL</Filter>
    </None>
    <None Include="..\..\Build\svencoop\renderer\shader\triapi_shader.vert.glsl">
      <Filter>GLSL</Filter>
    </None>
    <None Include="..\..\Build\svencoop\renderer\shader\drawtexturedrect_shader.frag.glsl">
      <Filter>GLSL</Filter>
    </None>
    <None Include="..\..\Build\svencoop\renderer\shader\drawtexturedrect_shader.vert.glsl">
      <Filter>GLSL</Filter>
    </None>
    <None Include="..\..\Build\svencoop\renderer\shader\copy_color.frag.glsl">
      <Filter>GLSL</Filter>
    </None>
    <None Include="..\..\Build\svencoop\renderer\shader\drawfilledrect_shader.frag.glsl">
      <Filter>GLSL</Filter>
    </None>
    <None Include="..\..\Build\svencoop\renderer\shader\drawfilledrect_shader.vert.glsl">
      <Filter>GLSL</Filter>
    </None>
    <None Include="..\..\Build\svencoop\renderer\shader\wsurf_shader.geom.glsl">
      <Filter>GLSL</Filter>
    </None>
    <None Include="..\..\Build\svencoop\renderer\shader\studio_shader.geom.glsl">
      <Filter>GLSL</Filter>
    </None>
  </ItemGroup>
</Project>