
Microsoft Visual Studio Solution File, Format Version 12.00
# Visual Studio 15
VisualStudioVersion = 15.0.28307.168
MinimumVisualStudioVersion = 10.0.40219.1
Project("{8BC9CEB8-8B4A-11D0-8D11-00A0C91BC942}") = "StudioEvents", "StudioEvents.vcxproj", "{FBF9CAF6-8DED-4EB0-8E7B-18294607C5C6}"
EndProject
Global
	GlobalSection(SolutionConfigurationPlatforms) = preSolution
		Debug|x86 = Debug|x86
		Release|x86 = Release|x86
	EndGlobalSection
	GlobalSection(ProjectConfigurationPlatforms) = postSolution
		{FBF9CAF6-8DED-4EB0-8E7B-18294607C5C6}.Debug|x86.ActiveCfg = Debug|Win32
		{FBF9CAF6-8DED-4EB0-8E7B-18294607C5C6}.Debug|x86.Build.0 = Debug|Win32
		{FBF9CAF6-8DED-4EB0-8E7B-18294607C5C6}.Release|x86.ActiveCfg = Release|Win32
		{FBF9CAF6-8DED-4EB0-8E7B-18294607C5C6}.Release|x86.Build.0 = Release|Win32
	EndGlobalSection
	GlobalSection(SolutionProperties) = preSolution
		HideSolutionNode = FALSE
	EndGlobalSection
	GlobalSection(ExtensibilityGlobals) = postSolution
		SolutionGuid = {A7CA829D-0A4A-4323-AFC3-0C054C440A18}
	EndGlobalSection
EndGlobal
