<?xml version="1.0" encoding="utf-8"?>
<Project ToolsVersion="4.0" xmlns="http://schemas.microsoft.com/developer/msbuild/2003">
  <ItemGroup>
    <Filter Include="Source">
      <UniqueIdentifier>{4FC737F1-C7A5-4376-A066-2A32D752A2FF}</UniqueIdentifier>
      <Extensions>cpp;c;cc;cxx;def;odl;idl;hpj;bat;asm;asmx</Extensions>
    </Filter>
    <Filter Include="Header">
      <UniqueIdentifier>{93995380-89BD-4b04-88EB-625FBE52EBFB}</UniqueIdentifier>
      <Extensions>h;hpp;hxx;hm;inl;inc;xsd</Extensions>
    </Filter>
    <Filter Include="HLSDK">
      <UniqueIdentifier>{150a014c-fe58-4253-8ec2-ac6e0f07cfea}</UniqueIdentifier>
    </Filter>
    <Filter Include="tinyobjloader">
      <UniqueIdentifier>{26c8ca0c-a776-47e1-b838-3e092690dc3b}</UniqueIdentifier>
    </Filter>
  </ItemGroup>
  <ItemGroup>
    <ClCompile Include="exportfuncs.cpp">
      <Filter>Source</Filter>
    </ClCompile>
    <ClCompile Include="plugins.cpp">
      <Filter>Source</Filter>
    </ClCompile>
    <ClCompile Include="mathlib2.cpp">
      <Filter>Source</Filter>
    </ClCompile>
    <ClCompile Include="privatehook.cpp">
      <Filter>Source</Filter>
    </ClCompile>
    <ClCompile Include="ClientEntityManager.cpp">
      <Filter>Source</Filter>
    </ClCompile>
    <ClCompile Include="message.cpp">
      <Filter>Source</Filter>
    </ClCompile>
    <ClCompile Include="..\..\include\HLSDK\common\interface.cpp">
      <Filter>HLSDK</Filter>
    </ClCompile>
    <ClCompile Include="parsemsg.cpp">
      <Filter>HLSDK</Filter>
    </ClCompile>
    <ClCompile Include="BasePhysicManager.cpp">
      <Filter>Source</Filter>
    </ClCompile>
    <ClCompile Include="BulletPhysicManager.cpp">
      <Filter>Source</Filter>
    </ClCompile>
    <ClCompile Include="CounterStrike.cpp">
      <Filter>Source</Filter>
    </ClCompile>
    <ClCompile Include="..\..\thirdparty\tinyobjloader\tiny_obj_loader.cc">
      <Filter>tinyobjloader</Filter>
    </ClCompile>
  </ItemGroup>
  <ItemGroup>
    <ClInclude Include="exportfuncs.h">
      <Filter>Header</Filter>
    </ClInclude>
    <ClInclude Include="mathlib2.h">
      <Filter>Header</Filter>
    </ClInclude>
    <ClInclude Include="enginedef.h">
      <Filter>Header</Filter>
    </ClInclude>
    <ClInclude Include="qgl.h">
      <Filter>Header</Filter>
    </ClInclude>
    <ClInclude Include="privatehook.h">
      <Filter>Header</Filter>
    </ClInclude>
    <ClInclude Include="plugins.h">
      <Filter>Header</Filter>
    </ClInclude>
    <ClInclude Include="ClientEntityManager.h">
      <Filter>Header</Filter>
    </ClInclude>
    <ClInclude Include="message.h">
      <Filter>Header</Filter>
    </ClInclude>
    <ClInclude Include="ClientPhysicManager.h">
      <Filter>Header</Filter>
    </ClInclude>
    <ClInclude Include="BasePhysicManager.h">
      <Filter>Header</Filter>
    </ClInclude>
    <ClInclude Include="BulletPhysicManager.h">
      <Filter>Header</Filter>
    </ClInclude>
    <ClInclude Include="CounterStrike.h">
      <Filter>Header</Filter>
    </ClInclude>
    <ClInclude Include="ClientPhysicConfig.h">
      <Filter>Header</Filter>
    </ClInclude>
    <ClInclude Include="ClientPhysicCommon.h">
      <Filter>Header</Filter>
    </ClInclude>
    <ClInclude Include="BaseRagdollObject.h">
      <Filter>Header</Filter>
    </ClInclude>
    <ClInclude Include="BulletRagdollObject.h">
      <Filter>Header</Filter>
    </ClInclude>
    <ClInclude Include="BaseStaticObject.h">
      <Filter>Header</Filter>
    </ClInclude>
    <ClInclude Include="BulletStaticObject.h">
      <Filter>Header</Filter>
    </ClInclude>
    <ClInclude Include="..\..\thirdparty\tinyobjloader\tiny_obj_loader.h">
      <Filter>tinyobjloader</Filter>
    </ClInclude>
  </ItemGroup>
</Project>